
Microsoft Visual Studio Solution File, Format Version 12.00
# Visual Studio Version 17
VisualStudioVersion = 17.8.34511.84
MinimumVisualStudioVersion = 10.0.40219.1
Project("{2150E333-8FDC-42A3-9474-1A3956D46DE8}") = "Services", "Services", "{1B92062B-D47E-4DD4-8AFE-E504B793E36B}"
EndProject
Project("{2150E333-8FDC-42A3-9474-1A3956D46DE8}") = "BuildingBlocks", "BuildingBlocks", "{99F6AD53-1AD2-415C-B021-53DEB34D1865}"
EndProject
Project("{9A19103F-16F7-4668-BE54-9A1E7A4F7556}") = "BuildingBlocks", "BuildingBlocks\BuildingBlocks\BuildingBlocks.csproj", "{8F2630EC-5DF9-4AC4-ABB2-F0F9C79543A7}"
EndProject
Project("{E53339B2-1760-4266-BCC7-CA923CBCF16C}") = "docker-compose", "docker-compose.dcproj", "{4C0D210D-67DE-4839-88A8-0E3AD57B3430}"
EndProject
Project("{2150E333-8FDC-42A3-9474-1A3956D46DE8}") = "Basket", "Basket", "{9CCE9CF0-1036-4843-AD25-F3FBF40D0594}"
EndProject
Project("{9A19103F-16F7-4668-BE54-9A1E7A4F7556}") = "Basket.API", "Services\Basket\Basket.API\Basket.API.csproj", "{11E8BA8A-0FF0-4109-8160-27C62A3495D4}"
EndProject
Project("{2150E333-8FDC-42A3-9474-1A3956D46DE8}") = "Catalog", "Catalog", "{3AA53E14-2F20-477D-8D88-6FE459BAC18B}"
EndProject
Project("{FAE04EC0-301F-11D3-BF4B-00C04F79EFBC}") = "Catalog.API", "Services\Catalog\Catalog.API\Catalog.API.csproj", "{FBEFACE2-8312-44FC-AB39-CC4D8EBA59BA}"
EndProject
Project("{2150E333-8FDC-42A3-9474-1A3956D46DE8}") = "Discount", "Discount", "{7DDAAAC2-065D-4DE4-8119-677A6AAE6D66}"
EndProject
Project("{FAE04EC0-301F-11D3-BF4B-00C04F79EFBC}") = "Discount.Grpc", "Services\Discount\Discount.Grpc\Discount.Grpc.csproj", "{E53C136C-21B6-4F18-BD47-9D86CB467DB5}"
EndProject
Project("{2150E333-8FDC-42A3-9474-1A3956D46DE8}") = "Identity", "Identity", "{D1F55AD3-F68C-409E-5D25-7A175C43418F}"
EndProject
Project("{FAE04EC0-301F-11D3-BF4B-00C04F79EFBC}") = "Identity.API", "Services\Identity\Identity.API\Identity.API.csproj", "{6C5693B5-422A-40A0-AFF8-AEF476A548A2}"
EndProject
Project("{FAE04EC0-301F-11D3-BF4B-00C04F79EFBC}") = "EShop.AppHost", "EShop.AppHost\EShop.AppHost.csproj", "{1D88403F-1534-4A8B-9D1D-2FBC92D22E1A}"
EndProject
Project("{FAE04EC0-301F-11D3-BF4B-00C04F79EFBC}") = "EShop.ServiceDefaults", "EShop.ServiceDefaults\EShop.ServiceDefaults.csproj", "{07938D9D-43C1-4E2B-A405-6D6E1E815132}"
EndProject
Project("{2150E333-8FDC-42A3-9474-1A3956D46DE8}") = "Ordering", "Ordering", "{D1C17423-8C14-DDEE-FDC1-48ED817035DF}"
EndProject
Project("{FAE04EC0-301F-11D3-BF4B-00C04F79EFBC}") = "Ordering.Domain", "Services\Ordering\Ordering.Domain\Ordering.Domain.csproj", "{59BCD011-5A38-49DA-BF01-4921DD808155}"
EndProject
Project("{FAE04EC0-301F-11D3-BF4B-00C04F79EFBC}") = "Ordering.Application", "Services\Ordering\Ordering.Application\Ordering.Application.csproj", "{188C5488-6AE2-439F-B54C-640E75617661}"
EndProject
Project("{FAE04EC0-301F-11D3-BF4B-00C04F79EFBC}") = "Ordering.Infrastructure", "Services\Ordering\Ordering.Infrastructure\Ordering.Infrastructure.csproj", "{5423A3F7-8C32-49B5-B992-BF81143D236C}"
EndProject
Project("{FAE04EC0-301F-11D3-BF4B-00C04F79EFBC}") = "Ordering.API", "Services\Ordering\Ordering.API\Ordering.API.csproj", "{97B6BB53-4A94-4CAF-818E-758C262933A7}"
EndProject
Project("{FAE04EC0-301F-11D3-BF4B-00C04F79EFBC}") = "BuildingBlocks.Messaging", "BuildingBlocks\BuildingBlocks.Messaging\BuildingBlocks.Messaging.csproj", "{1BAA65FD-1793-4AB6-9C94-5960D7565039}"
EndProject
Project("{2150E333-8FDC-42A3-9474-1A3956D46DE8}") = "ApiGateways", "ApiGateways", "{8450CF56-5DC7-366A-AE0A-4A8614F474CF}"
EndProject
Project("{FAE04EC0-301F-11D3-BF4B-00C04F79EFBC}") = "YarpApiGateway", "ApiGateways\YarpApiGateway\YarpApiGateway.csproj", "{95715518-AB9D-47DC-9D3B-015CED33C55F}"
EndProject
Global
	GlobalSection(SolutionConfigurationPlatforms) = preSolution
		Debug|Any CPU = Debug|Any CPU
		Debug|x64 = Debug|x64
		Debug|x86 = Debug|x86
		Release|Any CPU = Release|Any CPU
		Release|x64 = Release|x64
		Release|x86 = Release|x86
	EndGlobalSection
	GlobalSection(ProjectConfigurationPlatforms) = postSolution
		{8F2630EC-5DF9-4AC4-ABB2-F0F9C79543A7}.Debug|Any CPU.ActiveCfg = Debug|Any CPU
		{8F2630EC-5DF9-4AC4-ABB2-F0F9C79543A7}.Debug|Any CPU.Build.0 = Debug|Any CPU
		{8F2630EC-5DF9-4AC4-ABB2-F0F9C79543A7}.Debug|x64.ActiveCfg = Debug|Any CPU
		{8F2630EC-5DF9-4AC4-ABB2-F0F9C79543A7}.Debug|x64.Build.0 = Debug|Any CPU
		{8F2630EC-5DF9-4AC4-ABB2-F0F9C79543A7}.Debug|x86.ActiveCfg = Debug|Any CPU
		{8F2630EC-5DF9-4AC4-ABB2-F0F9C79543A7}.Debug|x86.Build.0 = Debug|Any CPU
		{8F2630EC-5DF9-4AC4-ABB2-F0F9C79543A7}.Release|Any CPU.ActiveCfg = Release|Any CPU
		{8F2630EC-5DF9-4AC4-ABB2-F0F9C79543A7}.Release|Any CPU.Build.0 = Release|Any CPU
		{8F2630EC-5DF9-4AC4-ABB2-F0F9C79543A7}.Release|x64.ActiveCfg = Release|Any CPU
		{8F2630EC-5DF9-4AC4-ABB2-F0F9C79543A7}.Release|x64.Build.0 = Release|Any CPU
		{8F2630EC-5DF9-4AC4-ABB2-F0F9C79543A7}.Release|x86.ActiveCfg = Release|Any CPU
		{8F2630EC-5DF9-4AC4-ABB2-F0F9C79543A7}.Release|x86.Build.0 = Release|Any CPU
		{4C0D210D-67DE-4839-88A8-0E3AD57B3430}.Debug|Any CPU.ActiveCfg = Debug|Any CPU
		{4C0D210D-67DE-4839-88A8-0E3AD57B3430}.Debug|Any CPU.Build.0 = Debug|Any CPU
		{4C0D210D-67DE-4839-88A8-0E3AD57B3430}.Debug|x64.ActiveCfg = Debug|x64
		{4C0D210D-67DE-4839-88A8-0E3AD57B3430}.Debug|x86.ActiveCfg = Debug|x86
		{4C0D210D-67DE-4839-88A8-0E3AD57B3430}.Release|Any CPU.ActiveCfg = Release|Any CPU
		{4C0D210D-67DE-4839-88A8-0E3AD57B3430}.Release|Any CPU.Build.0 = Release|Any CPU
		{4C0D210D-67DE-4839-88A8-0E3AD57B3430}.Release|x64.ActiveCfg = Release|x64
		{4C0D210D-67DE-4839-88A8-0E3AD57B3430}.Release|x86.ActiveCfg = Release|x86
		{11E8BA8A-0FF0-4109-8160-27C62A3495D4}.Debug|Any CPU.ActiveCfg = Debug|Any CPU
		{11E8BA8A-0FF0-4109-8160-27C62A3495D4}.Debug|Any CPU.Build.0 = Debug|Any CPU
		{11E8BA8A-0FF0-4109-8160-27C62A3495D4}.Debug|x64.ActiveCfg = Debug|Any CPU
		{11E8BA8A-0FF0-4109-8160-27C62A3495D4}.Debug|x64.Build.0 = Debug|Any CPU
		{11E8BA8A-0FF0-4109-8160-27C62A3495D4}.Debug|x86.ActiveCfg = Debug|Any CPU
		{11E8BA8A-0FF0-4109-8160-27C62A3495D4}.Debug|x86.Build.0 = Debug|Any CPU
		{11E8BA8A-0FF0-4109-8160-27C62A3495D4}.Release|Any CPU.ActiveCfg = Release|Any CPU
		{11E8BA8A-0FF0-4109-8160-27C62A3495D4}.Release|Any CPU.Build.0 = Release|Any CPU
		{11E8BA8A-0FF0-4109-8160-27C62A3495D4}.Release|x64.ActiveCfg = Release|Any CPU
		{11E8BA8A-0FF0-4109-8160-27C62A3495D4}.Release|x64.Build.0 = Release|Any CPU
		{11E8BA8A-0FF0-4109-8160-27C62A3495D4}.Release|x86.ActiveCfg = Release|Any CPU
		{11E8BA8A-0FF0-4109-8160-27C62A3495D4}.Release|x86.Build.0 = Release|Any CPU
		{FBEFACE2-8312-44FC-AB39-CC4D8EBA59BA}.Debug|Any CPU.ActiveCfg = Debug|Any CPU
		{FBEFACE2-8312-44FC-AB39-CC4D8EBA59BA}.Debug|Any CPU.Build.0 = Debug|Any CPU
		{FBEFACE2-8312-44FC-AB39-CC4D8EBA59BA}.Debug|x64.ActiveCfg = Debug|Any CPU
		{FBEFACE2-8312-44FC-AB39-CC4D8EBA59BA}.Debug|x64.Build.0 = Debug|Any CPU
		{FBEFACE2-8312-44FC-AB39-CC4D8EBA59BA}.Debug|x86.ActiveCfg = Debug|Any CPU
		{FBEFACE2-8312-44FC-AB39-CC4D8EBA59BA}.Debug|x86.Build.0 = Debug|Any CPU
		{FBEFACE2-8312-44FC-AB39-CC4D8EBA59BA}.Release|Any CPU.ActiveCfg = Release|Any CPU
		{FBEFACE2-8312-44FC-AB39-CC4D8EBA59BA}.Release|Any CPU.Build.0 = Release|Any CPU
		{FBEFACE2-8312-44FC-AB39-CC4D8EBA59BA}.Release|x64.ActiveCfg = Release|Any CPU
		{FBEFACE2-8312-44FC-AB39-CC4D8EBA59BA}.Release|x64.Build.0 = Release|Any CPU
		{FBEFACE2-8312-44FC-AB39-CC4D8EBA59BA}.Release|x86.ActiveCfg = Release|Any CPU
		{FBEFACE2-8312-44FC-AB39-CC4D8EBA59BA}.Release|x86.Build.0 = Release|Any CPU
		{E53C136C-21B6-4F18-BD47-9D86CB467DB5}.Debug|Any CPU.ActiveCfg = Debug|Any CPU
		{E53C136C-21B6-4F18-BD47-9D86CB467DB5}.Debug|Any CPU.Build.0 = Debug|Any CPU
		{E53C136C-21B6-4F18-BD47-9D86CB467DB5}.Debug|x64.ActiveCfg = Debug|Any CPU
		{E53C136C-21B6-4F18-BD47-9D86CB467DB5}.Debug|x64.Build.0 = Debug|Any CPU
		{E53C136C-21B6-4F18-BD47-9D86CB467DB5}.Debug|x86.ActiveCfg = Debug|Any CPU
		{E53C136C-21B6-4F18-BD47-9D86CB467DB5}.Debug|x86.Build.0 = Debug|Any CPU
		{E53C136C-21B6-4F18-BD47-9D86CB467DB5}.Release|Any CPU.ActiveCfg = Release|Any CPU
		{E53C136C-21B6-4F18-BD47-9D86CB467DB5}.Release|Any CPU.Build.0 = Release|Any CPU
		{E53C136C-21B6-4F18-BD47-9D86CB467DB5}.Release|x64.ActiveCfg = Release|Any CPU
		{E53C136C-21B6-4F18-BD47-9D86CB467DB5}.Release|x64.Build.0 = Release|Any CPU
		{E53C136C-21B6-4F18-BD47-9D86CB467DB5}.Release|x86.ActiveCfg = Release|Any CPU
		{E53C136C-21B6-4F18-BD47-9D86CB467DB5}.Release|x86.Build.0 = Release|Any CPU
		{6C5693B5-422A-40A0-AFF8-AEF476A548A2}.Debug|Any CPU.ActiveCfg = Debug|Any CPU
		{6C5693B5-422A-40A0-AFF8-AEF476A548A2}.Debug|Any CPU.Build.0 = Debug|Any CPU
		{6C5693B5-422A-40A0-AFF8-AEF476A548A2}.Debug|x64.ActiveCfg = Debug|Any CPU
		{6C5693B5-422A-40A0-AFF8-AEF476A548A2}.Debug|x64.Build.0 = Debug|Any CPU
		{6C5693B5-422A-40A0-AFF8-AEF476A548A2}.Debug|x86.ActiveCfg = Debug|Any CPU
		{6C5693B5-422A-40A0-AFF8-AEF476A548A2}.Debug|x86.Build.0 = Debug|Any CPU
		{6C5693B5-422A-40A0-AFF8-AEF476A548A2}.Release|Any CPU.ActiveCfg = Release|Any CPU
		{6C5693B5-422A-40A0-AFF8-AEF476A548A2}.Release|Any CPU.Build.0 = Release|Any CPU
		{6C5693B5-422A-40A0-AFF8-AEF476A548A2}.Release|x64.ActiveCfg = Release|Any CPU
		{6C5693B5-422A-40A0-AFF8-AEF476A548A2}.Release|x64.Build.0 = Release|Any CPU
		{6C5693B5-422A-40A0-AFF8-AEF476A548A2}.Release|x86.ActiveCfg = Release|Any CPU
		{6C5693B5-422A-40A0-AFF8-AEF476A548A2}.Release|x86.Build.0 = Release|Any CPU
		{1D88403F-1534-4A8B-9D1D-2FBC92D22E1A}.Debug|Any CPU.ActiveCfg = Debug|Any CPU
		{1D88403F-1534-4A8B-9D1D-2FBC92D22E1A}.Debug|Any CPU.Build.0 = Debug|Any CPU
		{1D88403F-1534-4A8B-9D1D-2FBC92D22E1A}.Debug|x64.ActiveCfg = Debug|Any CPU
		{1D88403F-1534-4A8B-9D1D-2FBC92D22E1A}.Debug|x64.Build.0 = Debug|Any CPU
		{1D88403F-1534-4A8B-9D1D-2FBC92D22E1A}.Debug|x86.ActiveCfg = Debug|Any CPU
		{1D88403F-1534-4A8B-9D1D-2FBC92D22E1A}.Debug|x86.Build.0 = Debug|Any CPU
		{1D88403F-1534-4A8B-9D1D-2FBC92D22E1A}.Release|Any CPU.ActiveCfg = Release|Any CPU
		{1D88403F-1534-4A8B-9D1D-2FBC92D22E1A}.Release|Any CPU.Build.0 = Release|Any CPU
		{1D88403F-1534-4A8B-9D1D-2FBC92D22E1A}.Release|x64.ActiveCfg = Release|Any CPU
		{1D88403F-1534-4A8B-9D1D-2FBC92D22E1A}.Release|x64.Build.0 = Release|Any CPU
		{1D88403F-1534-4A8B-9D1D-2FBC92D22E1A}.Release|x86.ActiveCfg = Release|Any CPU
		{1D88403F-1534-4A8B-9D1D-2FBC92D22E1A}.Release|x86.Build.0 = Release|Any CPU
		{07938D9D-43C1-4E2B-A405-6D6E1E815132}.Debug|Any CPU.ActiveCfg = Debug|Any CPU
		{07938D9D-43C1-4E2B-A405-6D6E1E815132}.Debug|Any CPU.Build.0 = Debug|Any CPU
		{07938D9D-43C1-4E2B-A405-6D6E1E815132}.Debug|x64.ActiveCfg = Debug|Any CPU
		{07938D9D-43C1-4E2B-A405-6D6E1E815132}.Debug|x64.Build.0 = Debug|Any CPU
		{07938D9D-43C1-4E2B-A405-6D6E1E815132}.Debug|x86.ActiveCfg = Debug|Any CPU
		{07938D9D-43C1-4E2B-A405-6D6E1E815132}.Debug|x86.Build.0 = Debug|Any CPU
		{07938D9D-43C1-4E2B-A405-6D6E1E815132}.Release|Any CPU.ActiveCfg = Release|Any CPU
		{07938D9D-43C1-4E2B-A405-6D6E1E815132}.Release|Any CPU.Build.0 = Release|Any CPU
		{07938D9D-43C1-4E2B-A405-6D6E1E815132}.Release|x64.ActiveCfg = Release|Any CPU
		{07938D9D-43C1-4E2B-A405-6D6E1E815132}.Release|x64.Build.0 = Release|Any CPU
		{07938D9D-43C1-4E2B-A405-6D6E1E815132}.Release|x86.ActiveCfg = Release|Any CPU
		{07938D9D-43C1-4E2B-A405-6D6E1E815132}.Release|x86.Build.0 = Release|Any CPU
		{59BCD011-5A38-49DA-BF01-4921DD808155}.Debug|Any CPU.ActiveCfg = Debug|Any CPU
		{59BCD011-5A38-49DA-BF01-4921DD808155}.Debug|Any CPU.Build.0 = Debug|Any CPU
		{59BCD011-5A38-49DA-BF01-4921DD808155}.Debug|x64.ActiveCfg = Debug|Any CPU
		{59BCD011-5A38-49DA-BF01-4921DD808155}.Debug|x64.Build.0 = Debug|Any CPU
		{59BCD011-5A38-49DA-BF01-4921DD808155}.Debug|x86.ActiveCfg = Debug|Any CPU
		{59BCD011-5A38-49DA-BF01-4921DD808155}.Debug|x86.Build.0 = Debug|Any CPU
		{59BCD011-5A38-49DA-BF01-4921DD808155}.Release|Any CPU.ActiveCfg = Release|Any CPU
		{59BCD011-5A38-49DA-BF01-4921DD808155}.Release|Any CPU.Build.0 = Release|Any CPU
		{59BCD011-5A38-49DA-BF01-4921DD808155}.Release|x64.ActiveCfg = Release|Any CPU
		{59BCD011-5A38-49DA-BF01-4921DD808155}.Release|x64.Build.0 = Release|Any CPU
		{59BCD011-5A38-49DA-BF01-4921DD808155}.Release|x86.ActiveCfg = Release|Any CPU
		{59BCD011-5A38-49DA-BF01-4921DD808155}.Release|x86.Build.0 = Release|Any CPU
		{188C5488-6AE2-439F-B54C-640E75617661}.Debug|Any CPU.ActiveCfg = Debug|Any CPU
		{188C5488-6AE2-439F-B54C-640E75617661}.Debug|Any CPU.Build.0 = Debug|Any CPU
		{188C5488-6AE2-439F-B54C-640E75617661}.Debug|x64.ActiveCfg = Debug|Any CPU
		{188C5488-6AE2-439F-B54C-640E75617661}.Debug|x64.Build.0 = Debug|Any CPU
		{188C5488-6AE2-439F-B54C-640E75617661}.Debug|x86.ActiveCfg = Debug|Any CPU
		{188C5488-6AE2-439F-B54C-640E75617661}.Debug|x86.Build.0 = Debug|Any CPU
		{188C5488-6AE2-439F-B54C-640E75617661}.Release|Any CPU.ActiveCfg = Release|Any CPU
		{188C5488-6AE2-439F-B54C-640E75617661}.Release|Any CPU.Build.0 = Release|Any CPU
		{188C5488-6AE2-439F-B54C-640E75617661}.Release|x64.ActiveCfg = Release|Any CPU
		{188C5488-6AE2-439F-B54C-640E75617661}.Release|x64.Build.0 = Release|Any CPU
		{188C5488-6AE2-439F-B54C-640E75617661}.Release|x86.ActiveCfg = Release|Any CPU
		{188C5488-6AE2-439F-B54C-640E75617661}.Release|x86.Build.0 = Release|Any CPU
		{5423A3F7-8C32-49B5-B992-BF81143D236C}.Debug|Any CPU.ActiveCfg = Debug|Any CPU
		{5423A3F7-8C32-49B5-B992-BF81143D236C}.Debug|Any CPU.Build.0 = Debug|Any CPU
		{5423A3F7-8C32-49B5-B992-BF81143D236C}.Debug|x64.ActiveCfg = Debug|Any CPU
		{5423A3F7-8C32-49B5-B992-BF81143D236C}.Debug|x64.Build.0 = Debug|Any CPU
		{5423A3F7-8C32-49B5-B992-BF81143D236C}.Debug|x86.ActiveCfg = Debug|Any CPU
		{5423A3F7-8C32-49B5-B992-BF81143D236C}.Debug|x86.Build.0 = Debug|Any CPU
		{5423A3F7-8C32-49B5-B992-BF81143D236C}.Release|Any CPU.ActiveCfg = Release|Any CPU
		{5423A3F7-8C32-49B5-B992-BF81143D236C}.Release|Any CPU.Build.0 = Release|Any CPU
		{5423A3F7-8C32-49B5-B992-BF81143D236C}.Release|x64.ActiveCfg = Release|Any CPU
		{5423A3F7-8C32-49B5-B992-BF81143D236C}.Release|x64.Build.0 = Release|Any CPU
		{5423A3F7-8C32-49B5-B992-BF81143D236C}.Release|x86.ActiveCfg = Release|Any CPU
		{5423A3F7-8C32-49B5-B992-BF81143D236C}.Release|x86.Build.0 = Release|Any CPU
		{97B6BB53-4A94-4CAF-818E-758C262933A7}.Debug|Any CPU.ActiveCfg = Debug|Any CPU
		{97B6BB53-4A94-4CAF-818E-758C262933A7}.Debug|Any CPU.Build.0 = Debug|Any CPU
		{97B6BB53-4A94-4CAF-818E-758C262933A7}.Debug|x64.ActiveCfg = Debug|Any CPU
		{97B6BB53-4A94-4CAF-818E-758C262933A7}.Debug|x64.Build.0 = Debug|Any CPU
		{97B6BB53-4A94-4CAF-818E-758C262933A7}.Debug|x86.ActiveCfg = Debug|Any CPU
		{97B6BB53-4A94-4CAF-818E-758C262933A7}.Debug|x86.Build.0 = Debug|Any CPU
		{97B6BB53-4A94-4CAF-818E-758C262933A7}.Release|Any CPU.ActiveCfg = Release|Any CPU
		{97B6BB53-4A94-4CAF-818E-758C262933A7}.Release|Any CPU.Build.0 = Release|Any CPU
		{97B6BB53-4A94-4CAF-818E-758C262933A7}.Release|x64.ActiveCfg = Release|Any CPU
		{97B6BB53-4A94-4CAF-818E-758C262933A7}.Release|x64.Build.0 = Release|Any CPU
		{97B6BB53-4A94-4CAF-818E-758C262933A7}.Release|x86.ActiveCfg = Release|Any CPU
		{97B6BB53-4A94-4CAF-818E-758C262933A7}.Release|x86.Build.0 = Release|Any CPU
		{1BAA65FD-1793-4AB6-9C94-5960D7565039}.Debug|Any CPU.ActiveCfg = Debug|Any CPU
		{1BAA65FD-1793-4AB6-9C94-5960D7565039}.Debug|Any CPU.Build.0 = Debug|Any CPU
		{1BAA65FD-1793-4AB6-9C94-5960D7565039}.Debug|x64.ActiveCfg = Debug|Any CPU
		{1BAA65FD-1793-4AB6-9C94-5960D7565039}.Debug|x64.Build.0 = Debug|Any CPU
		{1BAA65FD-1793-4AB6-9C94-5960D7565039}.Debug|x86.ActiveCfg = Debug|Any CPU
		{1BAA65FD-1793-4AB6-9C94-5960D7565039}.Debug|x86.Build.0 = Debug|Any CPU
		{1BAA65FD-1793-4AB6-9C94-5960D7565039}.Release|Any CPU.ActiveCfg = Release|Any CPU
		{1BAA65FD-1793-4AB6-9C94-5960D7565039}.Release|Any CPU.Build.0 = Release|Any CPU
		{1BAA65FD-1793-4AB6-9C94-5960D7565039}.Release|x64.ActiveCfg = Release|Any CPU
		{1BAA65FD-1793-4AB6-9C94-5960D7565039}.Release|x64.Build.0 = Release|Any CPU
		{1BAA65FD-1793-4AB6-9C94-5960D7565039}.Release|x86.ActiveCfg = Release|Any CPU
		{1BAA65FD-1793-4AB6-9C94-5960D7565039}.Release|x86.Build.0 = Release|Any CPU
		{95715518-AB9D-47DC-9D3B-015CED33C55F}.Debug|Any CPU.ActiveCfg = Debug|Any CPU
		{95715518-AB9D-47DC-9D3B-015CED33C55F}.Debug|Any CPU.Build.0 = Debug|Any CPU
		{95715518-AB9D-47DC-9D3B-015CED33C55F}.Debug|x64.ActiveCfg = Debug|Any CPU
		{95715518-AB9D-47DC-9D3B-015CED33C55F}.Debug|x64.Build.0 = Debug|Any CPU
		{95715518-AB9D-47DC-9D3B-015CED33C55F}.Debug|x86.ActiveCfg = Debug|Any CPU
		{95715518-AB9D-47DC-9D3B-015CED33C55F}.Debug|x86.Build.0 = Debug|Any CPU
		{95715518-AB9D-47DC-9D3B-015CED33C55F}.Release|Any CPU.ActiveCfg = Release|Any CPU
		{95715518-AB9D-47DC-9D3B-015CED33C55F}.Release|Any CPU.Build.0 = Release|Any CPU
		{95715518-AB9D-47DC-9D3B-015CED33C55F}.Release|x64.ActiveCfg = Release|Any CPU
		{95715518-AB9D-47DC-9D3B-015CED33C55F}.Release|x64.Build.0 = Release|Any CPU
		{95715518-AB9D-47DC-9D3B-015CED33C55F}.Release|x86.ActiveCfg = Release|Any CPU
		{95715518-AB9D-47DC-9D3B-015CED33C55F}.Release|x86.Build.0 = Release|Any CPU
	EndGlobalSection
	GlobalSection(SolutionProperties) = preSolution
		HideSolutionNode = FALSE
	EndGlobalSection
	GlobalSection(NestedProjects) = preSolution
		{8F2630EC-5DF9-4AC4-ABB2-F0F9C79543A7} = {99F6AD53-1AD2-415C-B021-53DEB34D1865}
		{9CCE9CF0-1036-4843-AD25-F3FBF40D0594} = {1B92062B-D47E-4DD4-8AFE-E504B793E36B}
		{11E8BA8A-0FF0-4109-8160-27C62A3495D4} = {9CCE9CF0-1036-4843-AD25-F3FBF40D0594}
		{3AA53E14-2F20-477D-8D88-6FE459BAC18B} = {1B92062B-D47E-4DD4-8AFE-E504B793E36B}
		{FBEFACE2-8312-44FC-AB39-CC4D8EBA59BA} = {3AA53E14-2F20-477D-8D88-6FE459BAC18B}
		{7DDAAAC2-065D-4DE4-8119-677A6AAE6D66} = {1B92062B-D47E-4DD4-8AFE-E504B793E36B}
		{E53C136C-21B6-4F18-BD47-9D86CB467DB5} = {7DDAAAC2-065D-4DE4-8119-677A6AAE6D66}
		{D1F55AD3-F68C-409E-5D25-7A175C43418F} = {1B92062B-D47E-4DD4-8AFE-E504B793E36B}
		{6C5693B5-422A-40A0-AFF8-AEF476A548A2} = {D1F55AD3-F68C-409E-5D25-7A175C43418F}
		{D1C17423-8C14-DDEE-FDC1-48ED817035DF} = {1B92062B-D47E-4DD4-8AFE-E504B793E36B}
		{59BCD011-5A38-49DA-BF01-4921DD808155} = {D1C17423-8C14-DDEE-FDC1-48ED817035DF}
		{188C5488-6AE2-439F-B54C-640E75617661} = {D1C17423-8C14-DDEE-FDC1-48ED817035DF}
		{5423A3F7-8C32-49B5-B992-BF81143D236C} = {D1C17423-8C14-DDEE-FDC1-48ED817035DF}
		{97B6BB53-4A94-4CAF-818E-758C262933A7} = {D1C17423-8C14-DDEE-FDC1-48ED817035DF}
		{1BAA65FD-1793-4AB6-9C94-5960D7565039} = {99F6AD53-1AD2-415C-B021-53DEB34D1865}
		{95715518-AB9D-47DC-9D3B-015CED33C55F} = {8450CF56-5DC7-366A-AE0A-4A8614F474CF}
	EndGlobalSection
	GlobalSection(ExtensibilityGlobals) = postSolution
		SolutionGuid = {7DB442DD-B14E-45E3-9343-8252AB732C50}
	EndGlobalSection
EndGlobal
