
Microsoft Visual Studio Solution File, Format Version 12.00
# Visual Studio Version 17
VisualStudioVersion = 17.8.34511.84
MinimumVisualStudioVersion = 10.0.40219.1
Project("{2150E333-8FDC-42A3-9474-1A3956D46DE8}") = "Services", "Services", "{1B92062B-D47E-4DD4-8AFE-E504B793E36B}"
	ProjectSection(SolutionItems) = preProject
		Services\Ordering\Ordering.API\appsettings.Development.json = Services\Ordering\Ordering.API\appsettings.Development.json
		Services\Ordering\Ordering.API\appsettings.json = Services\Ordering\Ordering.API\appsettings.json
		Services\Ordering\Ordering.API\bin\Debug\net8.0\appsettings.Development.json = Services\Ordering\Ordering.API\bin\Debug\net8.0\appsettings.Development.json
		Services\Ordering\Ordering.API\bin\Debug\net8.0\appsettings.json = Services\Ordering\Ordering.API\bin\Debug\net8.0\appsettings.json
		Services\Ordering\Ordering.API\bin\Debug\net8.0\Azure.Core.dll = Services\Ordering\Ordering.API\bin\Debug\net8.0\Azure.Core.dll
		Services\Ordering\Ordering.API\bin\Debug\net8.0\Azure.Identity.dll = Services\Ordering\Ordering.API\bin\Debug\net8.0\Azure.Identity.dll
		Services\Ordering\Ordering.API\bin\Debug\net8.0\BuildingBlocks.dll = Services\Ordering\Ordering.API\bin\Debug\net8.0\BuildingBlocks.dll
		Services\Ordering\Ordering.API\bin\Debug\net8.0\BuildingBlocks.Messaging.dll = Services\Ordering\Ordering.API\bin\Debug\net8.0\BuildingBlocks.Messaging.dll
		Services\Ordering\Ordering.API\bin\Debug\net8.0\BuildingBlocks.Messaging.pdb = Services\Ordering\Ordering.API\bin\Debug\net8.0\BuildingBlocks.Messaging.pdb
		Services\Ordering\Ordering.API\bin\Debug\net8.0\BuildingBlocks.pdb = Services\Ordering\Ordering.API\bin\Debug\net8.0\BuildingBlocks.pdb
		Services\Ordering\Ordering.API\bin\Debug\net8.0\Carter.dll = Services\Ordering\Ordering.API\bin\Debug\net8.0\Carter.dll
		Services\Ordering\Ordering.API\bin\Debug\net8.0\cs\Microsoft.CodeAnalysis.CSharp.resources.dll = Services\Ordering\Ordering.API\bin\Debug\net8.0\cs\Microsoft.CodeAnalysis.CSharp.resources.dll
		Services\Ordering\Ordering.API\bin\Debug\net8.0\cs\Microsoft.CodeAnalysis.CSharp.Workspaces.resources.dll = Services\Ordering\Ordering.API\bin\Debug\net8.0\cs\Microsoft.CodeAnalysis.CSharp.Workspaces.resources.dll
		Services\Ordering\Ordering.API\bin\Debug\net8.0\cs\Microsoft.CodeAnalysis.resources.dll = Services\Ordering\Ordering.API\bin\Debug\net8.0\cs\Microsoft.CodeAnalysis.resources.dll
		Services\Ordering\Ordering.API\bin\Debug\net8.0\cs\Microsoft.CodeAnalysis.Workspaces.resources.dll = Services\Ordering\Ordering.API\bin\Debug\net8.0\cs\Microsoft.CodeAnalysis.Workspaces.resources.dll
		Services\Ordering\Ordering.API\bin\Debug\net8.0\de\Microsoft.CodeAnalysis.CSharp.resources.dll = Services\Ordering\Ordering.API\bin\Debug\net8.0\de\Microsoft.CodeAnalysis.CSharp.resources.dll
		Services\Ordering\Ordering.API\bin\Debug\net8.0\de\Microsoft.CodeAnalysis.CSharp.Workspaces.resources.dll = Services\Ordering\Ordering.API\bin\Debug\net8.0\de\Microsoft.CodeAnalysis.CSharp.Workspaces.resources.dll
		Services\Ordering\Ordering.API\bin\Debug\net8.0\de\Microsoft.CodeAnalysis.resources.dll = Services\Ordering\Ordering.API\bin\Debug\net8.0\de\Microsoft.CodeAnalysis.resources.dll
		Services\Ordering\Ordering.API\bin\Debug\net8.0\de\Microsoft.CodeAnalysis.Workspaces.resources.dll = Services\Ordering\Ordering.API\bin\Debug\net8.0\de\Microsoft.CodeAnalysis.Workspaces.resources.dll
		Services\Ordering\Ordering.API\bin\Debug\net8.0\es\Microsoft.CodeAnalysis.CSharp.resources.dll = Services\Ordering\Ordering.API\bin\Debug\net8.0\es\Microsoft.CodeAnalysis.CSharp.resources.dll
		Services\Ordering\Ordering.API\bin\Debug\net8.0\es\Microsoft.CodeAnalysis.CSharp.Workspaces.resources.dll = Services\Ordering\Ordering.API\bin\Debug\net8.0\es\Microsoft.CodeAnalysis.CSharp.Workspaces.resources.dll
		Services\Ordering\Ordering.API\bin\Debug\net8.0\es\Microsoft.CodeAnalysis.resources.dll = Services\Ordering\Ordering.API\bin\Debug\net8.0\es\Microsoft.CodeAnalysis.resources.dll
		Services\Ordering\Ordering.API\bin\Debug\net8.0\es\Microsoft.CodeAnalysis.Workspaces.resources.dll = Services\Ordering\Ordering.API\bin\Debug\net8.0\es\Microsoft.CodeAnalysis.Workspaces.resources.dll
		Services\Ordering\Ordering.API\bin\Debug\net8.0\FluentValidation.AspNetCore.dll = Services\Ordering\Ordering.API\bin\Debug\net8.0\FluentValidation.AspNetCore.dll
		Services\Ordering\Ordering.API\bin\Debug\net8.0\FluentValidation.DependencyInjectionExtensions.dll = Services\Ordering\Ordering.API\bin\Debug\net8.0\FluentValidation.DependencyInjectionExtensions.dll
		Services\Ordering\Ordering.API\bin\Debug\net8.0\FluentValidation.dll = Services\Ordering\Ordering.API\bin\Debug\net8.0\FluentValidation.dll
		Services\Ordering\Ordering.API\bin\Debug\net8.0\fr\Microsoft.CodeAnalysis.CSharp.resources.dll = Services\Ordering\Ordering.API\bin\Debug\net8.0\fr\Microsoft.CodeAnalysis.CSharp.resources.dll
		Services\Ordering\Ordering.API\bin\Debug\net8.0\fr\Microsoft.CodeAnalysis.CSharp.Workspaces.resources.dll = Services\Ordering\Ordering.API\bin\Debug\net8.0\fr\Microsoft.CodeAnalysis.CSharp.Workspaces.resources.dll
		Services\Ordering\Ordering.API\bin\Debug\net8.0\fr\Microsoft.CodeAnalysis.resources.dll = Services\Ordering\Ordering.API\bin\Debug\net8.0\fr\Microsoft.CodeAnalysis.resources.dll
		Services\Ordering\Ordering.API\bin\Debug\net8.0\fr\Microsoft.CodeAnalysis.Workspaces.resources.dll = Services\Ordering\Ordering.API\bin\Debug\net8.0\fr\Microsoft.CodeAnalysis.Workspaces.resources.dll
		Services\Ordering\Ordering.API\bin\Debug\net8.0\HealthChecks.SqlServer.dll = Services\Ordering\Ordering.API\bin\Debug\net8.0\HealthChecks.SqlServer.dll
		Services\Ordering\Ordering.API\bin\Debug\net8.0\HealthChecks.UI.Client.dll = Services\Ordering\Ordering.API\bin\Debug\net8.0\HealthChecks.UI.Client.dll
		Services\Ordering\Ordering.API\bin\Debug\net8.0\HealthChecks.UI.Core.dll = Services\Ordering\Ordering.API\bin\Debug\net8.0\HealthChecks.UI.Core.dll
		Services\Ordering\Ordering.API\bin\Debug\net8.0\Humanizer.dll = Services\Ordering\Ordering.API\bin\Debug\net8.0\Humanizer.dll
		Services\Ordering\Ordering.API\bin\Debug\net8.0\it\Microsoft.CodeAnalysis.CSharp.resources.dll = Services\Ordering\Ordering.API\bin\Debug\net8.0\it\Microsoft.CodeAnalysis.CSharp.resources.dll
		Services\Ordering\Ordering.API\bin\Debug\net8.0\it\Microsoft.CodeAnalysis.CSharp.Workspaces.resources.dll = Services\Ordering\Ordering.API\bin\Debug\net8.0\it\Microsoft.CodeAnalysis.CSharp.Workspaces.resources.dll
		Services\Ordering\Ordering.API\bin\Debug\net8.0\it\Microsoft.CodeAnalysis.resources.dll = Services\Ordering\Ordering.API\bin\Debug\net8.0\it\Microsoft.CodeAnalysis.resources.dll
		Services\Ordering\Ordering.API\bin\Debug\net8.0\it\Microsoft.CodeAnalysis.Workspaces.resources.dll = Services\Ordering\Ordering.API\bin\Debug\net8.0\it\Microsoft.CodeAnalysis.Workspaces.resources.dll
		Services\Ordering\Ordering.API\bin\Debug\net8.0\ja\Microsoft.CodeAnalysis.CSharp.resources.dll = Services\Ordering\Ordering.API\bin\Debug\net8.0\ja\Microsoft.CodeAnalysis.CSharp.resources.dll
		Services\Ordering\Ordering.API\bin\Debug\net8.0\ja\Microsoft.CodeAnalysis.CSharp.Workspaces.resources.dll = Services\Ordering\Ordering.API\bin\Debug\net8.0\ja\Microsoft.CodeAnalysis.CSharp.Workspaces.resources.dll
		Services\Ordering\Ordering.API\bin\Debug\net8.0\ja\Microsoft.CodeAnalysis.resources.dll = Services\Ordering\Ordering.API\bin\Debug\net8.0\ja\Microsoft.CodeAnalysis.resources.dll
		Services\Ordering\Ordering.API\bin\Debug\net8.0\ja\Microsoft.CodeAnalysis.Workspaces.resources.dll = Services\Ordering\Ordering.API\bin\Debug\net8.0\ja\Microsoft.CodeAnalysis.Workspaces.resources.dll
		Services\Ordering\Ordering.API\bin\Debug\net8.0\ko\Microsoft.CodeAnalysis.CSharp.resources.dll = Services\Ordering\Ordering.API\bin\Debug\net8.0\ko\Microsoft.CodeAnalysis.CSharp.resources.dll
		Services\Ordering\Ordering.API\bin\Debug\net8.0\ko\Microsoft.CodeAnalysis.CSharp.Workspaces.resources.dll = Services\Ordering\Ordering.API\bin\Debug\net8.0\ko\Microsoft.CodeAnalysis.CSharp.Workspaces.resources.dll
		Services\Ordering\Ordering.API\bin\Debug\net8.0\ko\Microsoft.CodeAnalysis.resources.dll = Services\Ordering\Ordering.API\bin\Debug\net8.0\ko\Microsoft.CodeAnalysis.resources.dll
		Services\Ordering\Ordering.API\bin\Debug\net8.0\ko\Microsoft.CodeAnalysis.Workspaces.resources.dll = Services\Ordering\Ordering.API\bin\Debug\net8.0\ko\Microsoft.CodeAnalysis.Workspaces.resources.dll
		Services\Ordering\Ordering.API\bin\Debug\net8.0\Mapster.Core.dll = Services\Ordering\Ordering.API\bin\Debug\net8.0\Mapster.Core.dll
		Services\Ordering\Ordering.API\bin\Debug\net8.0\Mapster.dll = Services\Ordering\Ordering.API\bin\Debug\net8.0\Mapster.dll
		Services\Ordering\Ordering.API\bin\Debug\net8.0\MassTransit.Abstractions.dll = Services\Ordering\Ordering.API\bin\Debug\net8.0\MassTransit.Abstractions.dll
		Services\Ordering\Ordering.API\bin\Debug\net8.0\MassTransit.dll = Services\Ordering\Ordering.API\bin\Debug\net8.0\MassTransit.dll
		Services\Ordering\Ordering.API\bin\Debug\net8.0\MassTransit.RabbitMqTransport.dll = Services\Ordering\Ordering.API\bin\Debug\net8.0\MassTransit.RabbitMqTransport.dll
		Services\Ordering\Ordering.API\bin\Debug\net8.0\MediatR.Contracts.dll = Services\Ordering\Ordering.API\bin\Debug\net8.0\MediatR.Contracts.dll
		Services\Ordering\Ordering.API\bin\Debug\net8.0\MediatR.dll = Services\Ordering\Ordering.API\bin\Debug\net8.0\MediatR.dll
		Services\Ordering\Ordering.API\bin\Debug\net8.0\Microsoft.Bcl.AsyncInterfaces.dll = Services\Ordering\Ordering.API\bin\Debug\net8.0\Microsoft.Bcl.AsyncInterfaces.dll
		Services\Ordering\Ordering.API\bin\Debug\net8.0\Microsoft.CodeAnalysis.CSharp.dll = Services\Ordering\Ordering.API\bin\Debug\net8.0\Microsoft.CodeAnalysis.CSharp.dll
		Services\Ordering\Ordering.API\bin\Debug\net8.0\Microsoft.CodeAnalysis.CSharp.Workspaces.dll = Services\Ordering\Ordering.API\bin\Debug\net8.0\Microsoft.CodeAnalysis.CSharp.Workspaces.dll
		Services\Ordering\Ordering.API\bin\Debug\net8.0\Microsoft.CodeAnalysis.dll = Services\Ordering\Ordering.API\bin\Debug\net8.0\Microsoft.CodeAnalysis.dll
		Services\Ordering\Ordering.API\bin\Debug\net8.0\Microsoft.CodeAnalysis.Workspaces.dll = Services\Ordering\Ordering.API\bin\Debug\net8.0\Microsoft.CodeAnalysis.Workspaces.dll
		Services\Ordering\Ordering.API\bin\Debug\net8.0\Microsoft.Data.SqlClient.dll = Services\Ordering\Ordering.API\bin\Debug\net8.0\Microsoft.Data.SqlClient.dll
		Services\Ordering\Ordering.API\bin\Debug\net8.0\Microsoft.EntityFrameworkCore.Abstractions.dll = Services\Ordering\Ordering.API\bin\Debug\net8.0\Microsoft.EntityFrameworkCore.Abstractions.dll
		Services\Ordering\Ordering.API\bin\Debug\net8.0\Microsoft.EntityFrameworkCore.Design.dll = Services\Ordering\Ordering.API\bin\Debug\net8.0\Microsoft.EntityFrameworkCore.Design.dll
		Services\Ordering\Ordering.API\bin\Debug\net8.0\Microsoft.EntityFrameworkCore.dll = Services\Ordering\Ordering.API\bin\Debug\net8.0\Microsoft.EntityFrameworkCore.dll
		Services\Ordering\Ordering.API\bin\Debug\net8.0\Microsoft.EntityFrameworkCore.Relational.dll = Services\Ordering\Ordering.API\bin\Debug\net8.0\Microsoft.EntityFrameworkCore.Relational.dll
		Services\Ordering\Ordering.API\bin\Debug\net8.0\Microsoft.EntityFrameworkCore.SqlServer.dll = Services\Ordering\Ordering.API\bin\Debug\net8.0\Microsoft.EntityFrameworkCore.SqlServer.dll
		Services\Ordering\Ordering.API\bin\Debug\net8.0\Microsoft.Extensions.DependencyModel.dll = Services\Ordering\Ordering.API\bin\Debug\net8.0\Microsoft.Extensions.DependencyModel.dll
		Services\Ordering\Ordering.API\bin\Debug\net8.0\Microsoft.FeatureManagement.AspNetCore.dll = Services\Ordering\Ordering.API\bin\Debug\net8.0\Microsoft.FeatureManagement.AspNetCore.dll
		Services\Ordering\Ordering.API\bin\Debug\net8.0\Microsoft.FeatureManagement.dll = Services\Ordering\Ordering.API\bin\Debug\net8.0\Microsoft.FeatureManagement.dll
		Services\Ordering\Ordering.API\bin\Debug\net8.0\Microsoft.Identity.Client.dll = Services\Ordering\Ordering.API\bin\Debug\net8.0\Microsoft.Identity.Client.dll
		Services\Ordering\Ordering.API\bin\Debug\net8.0\Microsoft.Identity.Client.Extensions.Msal.dll = Services\Ordering\Ordering.API\bin\Debug\net8.0\Microsoft.Identity.Client.Extensions.Msal.dll
		Services\Ordering\Ordering.API\bin\Debug\net8.0\Microsoft.IdentityModel.Abstractions.dll = Services\Ordering\Ordering.API\bin\Debug\net8.0\Microsoft.IdentityModel.Abstractions.dll
		Services\Ordering\Ordering.API\bin\Debug\net8.0\Microsoft.IdentityModel.JsonWebTokens.dll = Services\Ordering\Ordering.API\bin\Debug\net8.0\Microsoft.IdentityModel.JsonWebTokens.dll
		Services\Ordering\Ordering.API\bin\Debug\net8.0\Microsoft.IdentityModel.Logging.dll = Services\Ordering\Ordering.API\bin\Debug\net8.0\Microsoft.IdentityModel.Logging.dll
		Services\Ordering\Ordering.API\bin\Debug\net8.0\Microsoft.IdentityModel.Protocols.dll = Services\Ordering\Ordering.API\bin\Debug\net8.0\Microsoft.IdentityModel.Protocols.dll
		Services\Ordering\Ordering.API\bin\Debug\net8.0\Microsoft.IdentityModel.Protocols.OpenIdConnect.dll = Services\Ordering\Ordering.API\bin\Debug\net8.0\Microsoft.IdentityModel.Protocols.OpenIdConnect.dll
		Services\Ordering\Ordering.API\bin\Debug\net8.0\Microsoft.IdentityModel.Tokens.dll = Services\Ordering\Ordering.API\bin\Debug\net8.0\Microsoft.IdentityModel.Tokens.dll
		Services\Ordering\Ordering.API\bin\Debug\net8.0\Microsoft.SqlServer.Server.dll = Services\Ordering\Ordering.API\bin\Debug\net8.0\Microsoft.SqlServer.Server.dll
		Services\Ordering\Ordering.API\bin\Debug\net8.0\Microsoft.Win32.SystemEvents.dll = Services\Ordering\Ordering.API\bin\Debug\net8.0\Microsoft.Win32.SystemEvents.dll
		Services\Ordering\Ordering.API\bin\Debug\net8.0\Mono.TextTemplating.dll = Services\Ordering\Ordering.API\bin\Debug\net8.0\Mono.TextTemplating.dll
		Services\Ordering\Ordering.API\bin\Debug\net8.0\Ordering.API.deps.json = Services\Ordering\Ordering.API\bin\Debug\net8.0\Ordering.API.deps.json
		Services\Ordering\Ordering.API\bin\Debug\net8.0\Ordering.API.dll = Services\Ordering\Ordering.API\bin\Debug\net8.0\Ordering.API.dll
		Services\Ordering\Ordering.API\bin\Debug\net8.0\Ordering.API.exe = Services\Ordering\Ordering.API\bin\Debug\net8.0\Ordering.API.exe
		Services\Ordering\Ordering.API\bin\Debug\net8.0\Ordering.API.pdb = Services\Ordering\Ordering.API\bin\Debug\net8.0\Ordering.API.pdb
		Services\Ordering\Ordering.API\bin\Debug\net8.0\Ordering.API.runtimeconfig.json = Services\Ordering\Ordering.API\bin\Debug\net8.0\Ordering.API.runtimeconfig.json
		Services\Ordering\Ordering.API\bin\Debug\net8.0\Ordering.Application.dll = Services\Ordering\Ordering.API\bin\Debug\net8.0\Ordering.Application.dll
		Services\Ordering\Ordering.API\bin\Debug\net8.0\Ordering.Application.pdb = Services\Ordering\Ordering.API\bin\Debug\net8.0\Ordering.Application.pdb
		Services\Ordering\Ordering.API\bin\Debug\net8.0\Ordering.Domain.dll = Services\Ordering\Ordering.API\bin\Debug\net8.0\Ordering.Domain.dll
		Services\Ordering\Ordering.API\bin\Debug\net8.0\Ordering.Domain.pdb = Services\Ordering\Ordering.API\bin\Debug\net8.0\Ordering.Domain.pdb
		Services\Ordering\Ordering.API\bin\Debug\net8.0\Ordering.Infrastructure.dll = Services\Ordering\Ordering.API\bin\Debug\net8.0\Ordering.Infrastructure.dll
		Services\Ordering\Ordering.API\bin\Debug\net8.0\Ordering.Infrastructure.pdb = Services\Ordering\Ordering.API\bin\Debug\net8.0\Ordering.Infrastructure.pdb
		Services\Ordering\Ordering.API\bin\Debug\net8.0\pl\Microsoft.CodeAnalysis.CSharp.resources.dll = Services\Ordering\Ordering.API\bin\Debug\net8.0\pl\Microsoft.CodeAnalysis.CSharp.resources.dll
		Services\Ordering\Ordering.API\bin\Debug\net8.0\pl\Microsoft.CodeAnalysis.CSharp.Workspaces.resources.dll = Services\Ordering\Ordering.API\bin\Debug\net8.0\pl\Microsoft.CodeAnalysis.CSharp.Workspaces.resources.dll
		Services\Ordering\Ordering.API\bin\Debug\net8.0\pl\Microsoft.CodeAnalysis.resources.dll = Services\Ordering\Ordering.API\bin\Debug\net8.0\pl\Microsoft.CodeAnalysis.resources.dll
		Services\Ordering\Ordering.API\bin\Debug\net8.0\pl\Microsoft.CodeAnalysis.Workspaces.resources.dll = Services\Ordering\Ordering.API\bin\Debug\net8.0\pl\Microsoft.CodeAnalysis.Workspaces.resources.dll
		Services\Ordering\Ordering.API\bin\Debug\net8.0\pt-BR\Microsoft.CodeAnalysis.CSharp.resources.dll = Services\Ordering\Ordering.API\bin\Debug\net8.0\pt-BR\Microsoft.CodeAnalysis.CSharp.resources.dll
		Services\Ordering\Ordering.API\bin\Debug\net8.0\pt-BR\Microsoft.CodeAnalysis.CSharp.Workspaces.resources.dll = Services\Ordering\Ordering.API\bin\Debug\net8.0\pt-BR\Microsoft.CodeAnalysis.CSharp.Workspaces.resources.dll
		Services\Ordering\Ordering.API\bin\Debug\net8.0\pt-BR\Microsoft.CodeAnalysis.resources.dll = Services\Ordering\Ordering.API\bin\Debug\net8.0\pt-BR\Microsoft.CodeAnalysis.resources.dll
		Services\Ordering\Ordering.API\bin\Debug\net8.0\pt-BR\Microsoft.CodeAnalysis.Workspaces.resources.dll = Services\Ordering\Ordering.API\bin\Debug\net8.0\pt-BR\Microsoft.CodeAnalysis.Workspaces.resources.dll
		Services\Ordering\Ordering.API\bin\Debug\net8.0\RabbitMQ.Client.dll = Services\Ordering\Ordering.API\bin\Debug\net8.0\RabbitMQ.Client.dll
		Services\Ordering\Ordering.API\bin\Debug\net8.0\ru\Microsoft.CodeAnalysis.CSharp.resources.dll = Services\Ordering\Ordering.API\bin\Debug\net8.0\ru\Microsoft.CodeAnalysis.CSharp.resources.dll
		Services\Ordering\Ordering.API\bin\Debug\net8.0\ru\Microsoft.CodeAnalysis.CSharp.Workspaces.resources.dll = Services\Ordering\Ordering.API\bin\Debug\net8.0\ru\Microsoft.CodeAnalysis.CSharp.Workspaces.resources.dll
		Services\Ordering\Ordering.API\bin\Debug\net8.0\ru\Microsoft.CodeAnalysis.resources.dll = Services\Ordering\Ordering.API\bin\Debug\net8.0\ru\Microsoft.CodeAnalysis.resources.dll
		Services\Ordering\Ordering.API\bin\Debug\net8.0\ru\Microsoft.CodeAnalysis.Workspaces.resources.dll = Services\Ordering\Ordering.API\bin\Debug\net8.0\ru\Microsoft.CodeAnalysis.Workspaces.resources.dll
		Services\Ordering\Ordering.API\bin\Debug\net8.0\runtimes\unix\lib\net6.0\Microsoft.Data.SqlClient.dll = Services\Ordering\Ordering.API\bin\Debug\net8.0\runtimes\unix\lib\net6.0\Microsoft.Data.SqlClient.dll
		Services\Ordering\Ordering.API\bin\Debug\net8.0\runtimes\unix\lib\net6.0\System.Drawing.Common.dll = Services\Ordering\Ordering.API\bin\Debug\net8.0\runtimes\unix\lib\net6.0\System.Drawing.Common.dll
		Services\Ordering\Ordering.API\bin\Debug\net8.0\runtimes\win\lib\net6.0\Microsoft.Data.SqlClient.dll = Services\Ordering\Ordering.API\bin\Debug\net8.0\runtimes\win\lib\net6.0\Microsoft.Data.SqlClient.dll
		Services\Ordering\Ordering.API\bin\Debug\net8.0\runtimes\win\lib\net6.0\Microsoft.Win32.SystemEvents.dll = Services\Ordering\Ordering.API\bin\Debug\net8.0\runtimes\win\lib\net6.0\Microsoft.Win32.SystemEvents.dll
		Services\Ordering\Ordering.API\bin\Debug\net8.0\runtimes\win\lib\net6.0\System.Drawing.Common.dll = Services\Ordering\Ordering.API\bin\Debug\net8.0\runtimes\win\lib\net6.0\System.Drawing.Common.dll
		Services\Ordering\Ordering.API\bin\Debug\net8.0\runtimes\win\lib\net6.0\System.Runtime.Caching.dll = Services\Ordering\Ordering.API\bin\Debug\net8.0\runtimes\win\lib\net6.0\System.Runtime.Caching.dll
		Services\Ordering\Ordering.API\bin\Debug\net8.0\runtimes\win\lib\net6.0\System.Security.Cryptography.ProtectedData.dll = Services\Ordering\Ordering.API\bin\Debug\net8.0\runtimes\win\lib\net6.0\System.Security.Cryptography.ProtectedData.dll
		Services\Ordering\Ordering.API\bin\Debug\net8.0\runtimes\win\lib\net6.0\System.Windows.Extensions.dll = Services\Ordering\Ordering.API\bin\Debug\net8.0\runtimes\win\lib\net6.0\System.Windows.Extensions.dll
		Services\Ordering\Ordering.API\bin\Debug\net8.0\runtimes\win-arm\native\Microsoft.Data.SqlClient.SNI.dll = Services\Ordering\Ordering.API\bin\Debug\net8.0\runtimes\win-arm\native\Microsoft.Data.SqlClient.SNI.dll
		Services\Ordering\Ordering.API\bin\Debug\net8.0\runtimes\win-arm64\native\Microsoft.Data.SqlClient.SNI.dll = Services\Ordering\Ordering.API\bin\Debug\net8.0\runtimes\win-arm64\native\Microsoft.Data.SqlClient.SNI.dll
		Services\Ordering\Ordering.API\bin\Debug\net8.0\runtimes\win-x64\native\Microsoft.Data.SqlClient.SNI.dll = Services\Ordering\Ordering.API\bin\Debug\net8.0\runtimes\win-x64\native\Microsoft.Data.SqlClient.SNI.dll
		Services\Ordering\Ordering.API\bin\Debug\net8.0\runtimes\win-x86\native\Microsoft.Data.SqlClient.SNI.dll = Services\Ordering\Ordering.API\bin\Debug\net8.0\runtimes\win-x86\native\Microsoft.Data.SqlClient.SNI.dll
		Services\Ordering\Ordering.API\bin\Debug\net8.0\System.CodeDom.dll = Services\Ordering\Ordering.API\bin\Debug\net8.0\System.CodeDom.dll
		Services\Ordering\Ordering.API\bin\Debug\net8.0\System.Composition.AttributedModel.dll = Services\Ordering\Ordering.API\bin\Debug\net8.0\System.Composition.AttributedModel.dll
		Services\Ordering\Ordering.API\bin\Debug\net8.0\System.Composition.Convention.dll = Services\Ordering\Ordering.API\bin\Debug\net8.0\System.Composition.Convention.dll
		Services\Ordering\Ordering.API\bin\Debug\net8.0\System.Composition.Hosting.dll = Services\Ordering\Ordering.API\bin\Debug\net8.0\System.Composition.Hosting.dll
		Services\Ordering\Ordering.API\bin\Debug\net8.0\System.Composition.Runtime.dll = Services\Ordering\Ordering.API\bin\Debug\net8.0\System.Composition.Runtime.dll
		Services\Ordering\Ordering.API\bin\Debug\net8.0\System.Composition.TypedParts.dll = Services\Ordering\Ordering.API\bin\Debug\net8.0\System.Composition.TypedParts.dll
		Services\Ordering\Ordering.API\bin\Debug\net8.0\System.Configuration.ConfigurationManager.dll = Services\Ordering\Ordering.API\bin\Debug\net8.0\System.Configuration.ConfigurationManager.dll
		Services\Ordering\Ordering.API\bin\Debug\net8.0\System.Drawing.Common.dll = Services\Ordering\Ordering.API\bin\Debug\net8.0\System.Drawing.Common.dll
		Services\Ordering\Ordering.API\bin\Debug\net8.0\System.IdentityModel.Tokens.Jwt.dll = Services\Ordering\Ordering.API\bin\Debug\net8.0\System.IdentityModel.Tokens.Jwt.dll
		Services\Ordering\Ordering.API\bin\Debug\net8.0\System.Memory.Data.dll = Services\Ordering\Ordering.API\bin\Debug\net8.0\System.Memory.Data.dll
		Services\Ordering\Ordering.API\bin\Debug\net8.0\System.Runtime.Caching.dll = Services\Ordering\Ordering.API\bin\Debug\net8.0\System.Runtime.Caching.dll
		Services\Ordering\Ordering.API\bin\Debug\net8.0\System.Security.Cryptography.ProtectedData.dll = Services\Ordering\Ordering.API\bin\Debug\net8.0\System.Security.Cryptography.ProtectedData.dll
		Services\Ordering\Ordering.API\bin\Debug\net8.0\System.Security.Permissions.dll = Services\Ordering\Ordering.API\bin\Debug\net8.0\System.Security.Permissions.dll
		Services\Ordering\Ordering.API\bin\Debug\net8.0\System.Windows.Extensions.dll = Services\Ordering\Ordering.API\bin\Debug\net8.0\System.Windows.Extensions.dll
		Services\Ordering\Ordering.API\bin\Debug\net8.0\tr\Microsoft.CodeAnalysis.CSharp.resources.dll = Services\Ordering\Ordering.API\bin\Debug\net8.0\tr\Microsoft.CodeAnalysis.CSharp.resources.dll
		Services\Ordering\Ordering.API\bin\Debug\net8.0\tr\Microsoft.CodeAnalysis.CSharp.Workspaces.resources.dll = Services\Ordering\Ordering.API\bin\Debug\net8.0\tr\Microsoft.CodeAnalysis.CSharp.Workspaces.resources.dll
		Services\Ordering\Ordering.API\bin\Debug\net8.0\tr\Microsoft.CodeAnalysis.resources.dll = Services\Ordering\Ordering.API\bin\Debug\net8.0\tr\Microsoft.CodeAnalysis.resources.dll
		Services\Ordering\Ordering.API\bin\Debug\net8.0\tr\Microsoft.CodeAnalysis.Workspaces.resources.dll = Services\Ordering\Ordering.API\bin\Debug\net8.0\tr\Microsoft.CodeAnalysis.Workspaces.resources.dll
		Services\Ordering\Ordering.API\bin\Debug\net8.0\zh-Hans\Microsoft.CodeAnalysis.CSharp.resources.dll = Services\Ordering\Ordering.API\bin\Debug\net8.0\zh-Hans\Microsoft.CodeAnalysis.CSharp.resources.dll
		Services\Ordering\Ordering.API\bin\Debug\net8.0\zh-Hans\Microsoft.CodeAnalysis.CSharp.Workspaces.resources.dll = Services\Ordering\Ordering.API\bin\Debug\net8.0\zh-Hans\Microsoft.CodeAnalysis.CSharp.Workspaces.resources.dll
		Services\Ordering\Ordering.API\bin\Debug\net8.0\zh-Hans\Microsoft.CodeAnalysis.resources.dll = Services\Ordering\Ordering.API\bin\Debug\net8.0\zh-Hans\Microsoft.CodeAnalysis.resources.dll
		Services\Ordering\Ordering.API\bin\Debug\net8.0\zh-Hans\Microsoft.CodeAnalysis.Workspaces.resources.dll = Services\Ordering\Ordering.API\bin\Debug\net8.0\zh-Hans\Microsoft.CodeAnalysis.Workspaces.resources.dll
		Services\Ordering\Ordering.API\bin\Debug\net8.0\zh-Hant\Microsoft.CodeAnalysis.CSharp.resources.dll = Services\Ordering\Ordering.API\bin\Debug\net8.0\zh-Hant\Microsoft.CodeAnalysis.CSharp.resources.dll
		Services\Ordering\Ordering.API\bin\Debug\net8.0\zh-Hant\Microsoft.CodeAnalysis.CSharp.Workspaces.resources.dll = Services\Ordering\Ordering.API\bin\Debug\net8.0\zh-Hant\Microsoft.CodeAnalysis.CSharp.Workspaces.resources.dll
		Services\Ordering\Ordering.API\bin\Debug\net8.0\zh-Hant\Microsoft.CodeAnalysis.resources.dll = Services\Ordering\Ordering.API\bin\Debug\net8.0\zh-Hant\Microsoft.CodeAnalysis.resources.dll
		Services\Ordering\Ordering.API\bin\Debug\net8.0\zh-Hant\Microsoft.CodeAnalysis.Workspaces.resources.dll = Services\Ordering\Ordering.API\bin\Debug\net8.0\zh-Hant\Microsoft.CodeAnalysis.Workspaces.resources.dll
		Services\Ordering\Ordering.API\DependencyInjection.cs = Services\Ordering\Ordering.API\DependencyInjection.cs
		Services\Ordering\Ordering.API\Dockerfile = Services\Ordering\Ordering.API\Dockerfile
		Services\Ordering\Ordering.API\Dockerfile.original = Services\Ordering\Ordering.API\Dockerfile.original
		Services\Ordering\Ordering.API\Endpoints\CreateOrder.cs = Services\Ordering\Ordering.API\Endpoints\CreateOrder.cs
		Services\Ordering\Ordering.API\Endpoints\DeleteOrder.cs = Services\Ordering\Ordering.API\Endpoints\DeleteOrder.cs
		Services\Ordering\Ordering.API\Endpoints\GetOrders.cs = Services\Ordering\Ordering.API\Endpoints\GetOrders.cs
		Services\Ordering\Ordering.API\Endpoints\GetOrdersByCustomer.cs = Services\Ordering\Ordering.API\Endpoints\GetOrdersByCustomer.cs
		Services\Ordering\Ordering.API\Endpoints\GetOrdersByName.cs = Services\Ordering\Ordering.API\Endpoints\GetOrdersByName.cs
		Services\Ordering\Ordering.API\Endpoints\UpdateOrder.cs = Services\Ordering\Ordering.API\Endpoints\UpdateOrder.cs
		Services\Ordering\Ordering.API\GlobalUsing.cs = Services\Ordering\Ordering.API\GlobalUsing.cs
		Services\Ordering\Ordering.API\obj\Debug\net8.0\.NETCoreApp,Version=v8.0.AssemblyAttributes.cs = Services\Ordering\Ordering.API\obj\Debug\net8.0\.NETCoreApp,Version=v8.0.AssemblyAttributes.cs
		Services\Ordering\Ordering.API\obj\Debug\net8.0\apphost.exe = Services\Ordering\Ordering.API\obj\Debug\net8.0\apphost.exe
		Services\Ordering\Ordering.API\obj\Debug\net8.0\Ordering.API.AssemblyInfo.cs = Services\Ordering\Ordering.API\obj\Debug\net8.0\Ordering.API.AssemblyInfo.cs
		Services\Ordering\Ordering.API\obj\Debug\net8.0\Ordering.API.AssemblyInfoInputs.cache = Services\Ordering\Ordering.API\obj\Debug\net8.0\Ordering.API.AssemblyInfoInputs.cache
		Services\Ordering\Ordering.API\obj\Debug\net8.0\Ordering.API.assets.cache = Services\Ordering\Ordering.API\obj\Debug\net8.0\Ordering.API.assets.cache
		Services\Ordering\Ordering.API\obj\Debug\net8.0\Ordering.API.csproj.AssemblyReference.cache = Services\Ordering\Ordering.API\obj\Debug\net8.0\Ordering.API.csproj.AssemblyReference.cache
		Services\Ordering\Ordering.API\obj\Debug\net8.0\Ordering.API.csproj.CopyComplete = Services\Ordering\Ordering.API\obj\Debug\net8.0\Ordering.API.csproj.CopyComplete
		Services\Ordering\Ordering.API\obj\Debug\net8.0\Ordering.API.csproj.CoreCompileInputs.cache = Services\Ordering\Ordering.API\obj\Debug\net8.0\Ordering.API.csproj.CoreCompileInputs.cache
		Services\Ordering\Ordering.API\obj\Debug\net8.0\Ordering.API.csproj.FileListAbsolute.txt = Services\Ordering\Ordering.API\obj\Debug\net8.0\Ordering.API.csproj.FileListAbsolute.txt
		Services\Ordering\Ordering.API\obj\Debug\net8.0\Ordering.API.dll = Services\Ordering\Ordering.API\obj\Debug\net8.0\Ordering.API.dll
		Services\Ordering\Ordering.API\obj\Debug\net8.0\Ordering.API.GeneratedMSBuildEditorConfig.editorconfig = Services\Ordering\Ordering.API\obj\Debug\net8.0\Ordering.API.GeneratedMSBuildEditorConfig.editorconfig
		Services\Ordering\Ordering.API\obj\Debug\net8.0\Ordering.API.genruntimeconfig.cache = Services\Ordering\Ordering.API\obj\Debug\net8.0\Ordering.API.genruntimeconfig.cache
		Services\Ordering\Ordering.API\obj\Debug\net8.0\Ordering.API.GlobalUsings.g.cs = Services\Ordering\Ordering.API\obj\Debug\net8.0\Ordering.API.GlobalUsings.g.cs
		Services\Ordering\Ordering.API\obj\Debug\net8.0\Ordering.API.MvcApplicationPartsAssemblyInfo.cache = Services\Ordering\Ordering.API\obj\Debug\net8.0\Ordering.API.MvcApplicationPartsAssemblyInfo.cache
		Services\Ordering\Ordering.API\obj\Debug\net8.0\Ordering.API.MvcApplicationPartsAssemblyInfo.cs = Services\Ordering\Ordering.API\obj\Debug\net8.0\Ordering.API.MvcApplicationPartsAssemblyInfo.cs
		Services\Ordering\Ordering.API\obj\Debug\net8.0\Ordering.API.pdb = Services\Ordering\Ordering.API\obj\Debug\net8.0\Ordering.API.pdb
		Services\Ordering\Ordering.API\obj\Debug\net8.0\ref\Ordering.API.dll = Services\Ordering\Ordering.API\obj\Debug\net8.0\ref\Ordering.API.dll
		Services\Ordering\Ordering.API\obj\Debug\net8.0\refint\Ordering.API.dll = Services\Ordering\Ordering.API\obj\Debug\net8.0\refint\Ordering.API.dll
		Services\Ordering\Ordering.API\obj\Debug\net8.0\staticwebassets\msbuild.build.Ordering.API.props = Services\Ordering\Ordering.API\obj\Debug\net8.0\staticwebassets\msbuild.build.Ordering.API.props
		Services\Ordering\Ordering.API\obj\Debug\net8.0\staticwebassets\msbuild.buildMultiTargeting.Ordering.API.props = Services\Ordering\Ordering.API\obj\Debug\net8.0\staticwebassets\msbuild.buildMultiTargeting.Ordering.API.props
		Services\Ordering\Ordering.API\obj\Debug\net8.0\staticwebassets\msbuild.buildTransitive.Ordering.API.props = Services\Ordering\Ordering.API\obj\Debug\net8.0\staticwebassets\msbuild.buildTransitive.Ordering.API.props
		Services\Ordering\Ordering.API\obj\Debug\net8.0\staticwebassets.build.json = Services\Ordering\Ordering.API\obj\Debug\net8.0\staticwebassets.build.json
		Services\Ordering\Ordering.API\obj\Ordering.API.csproj.nuget.dgspec.json = Services\Ordering\Ordering.API\obj\Ordering.API.csproj.nuget.dgspec.json
		Services\Ordering\Ordering.API\obj\Ordering.API.csproj.nuget.g.props = Services\Ordering\Ordering.API\obj\Ordering.API.csproj.nuget.g.props
		Services\Ordering\Ordering.API\obj\Ordering.API.csproj.nuget.g.targets = Services\Ordering\Ordering.API\obj\Ordering.API.csproj.nuget.g.targets
		Services\Ordering\Ordering.API\obj\project.assets.json = Services\Ordering\Ordering.API\obj\project.assets.json
		Services\Ordering\Ordering.API\obj\project.nuget.cache = Services\Ordering\Ordering.API\obj\project.nuget.cache
		Services\Ordering\Ordering.API\obj\project.packagespec.json = Services\Ordering\Ordering.API\obj\project.packagespec.json
		Services\Ordering\Ordering.API\obj\rider.project.model.nuget.info = Services\Ordering\Ordering.API\obj\rider.project.model.nuget.info
		Services\Ordering\Ordering.API\obj\rider.project.restore.info = Services\Ordering\Ordering.API\obj\rider.project.restore.info
		Services\Ordering\Ordering.API\Ordering.API.csproj = Services\Ordering\Ordering.API\Ordering.API.csproj
		Services\Ordering\Ordering.API\Program.cs = Services\Ordering\Ordering.API\Program.cs
		Services\Ordering\Ordering.API\Properties\launchSettings.json = Services\Ordering\Ordering.API\Properties\launchSettings.json
		Services\Ordering\Ordering.Application\bin\Debug\net8.0\BuildingBlocks.dll = Services\Ordering\Ordering.Application\bin\Debug\net8.0\BuildingBlocks.dll
		Services\Ordering\Ordering.Application\bin\Debug\net8.0\BuildingBlocks.Messaging.dll = Services\Ordering\Ordering.Application\bin\Debug\net8.0\BuildingBlocks.Messaging.dll
		Services\Ordering\Ordering.Application\bin\Debug\net8.0\BuildingBlocks.Messaging.pdb = Services\Ordering\Ordering.Application\bin\Debug\net8.0\BuildingBlocks.Messaging.pdb
		Services\Ordering\Ordering.Application\bin\Debug\net8.0\BuildingBlocks.pdb = Services\Ordering\Ordering.Application\bin\Debug\net8.0\BuildingBlocks.pdb
		Services\Ordering\Ordering.Application\bin\Debug\net8.0\Ordering.Application.deps.json = Services\Ordering\Ordering.Application\bin\Debug\net8.0\Ordering.Application.deps.json
		Services\Ordering\Ordering.Application\bin\Debug\net8.0\Ordering.Application.dll = Services\Ordering\Ordering.Application\bin\Debug\net8.0\Ordering.Application.dll
		Services\Ordering\Ordering.Application\bin\Debug\net8.0\Ordering.Application.pdb = Services\Ordering\Ordering.Application\bin\Debug\net8.0\Ordering.Application.pdb
		Services\Ordering\Ordering.Application\bin\Debug\net8.0\Ordering.Domain.dll = Services\Ordering\Ordering.Application\bin\Debug\net8.0\Ordering.Domain.dll
		Services\Ordering\Ordering.Application\bin\Debug\net8.0\Ordering.Domain.pdb = Services\Ordering\Ordering.Application\bin\Debug\net8.0\Ordering.Domain.pdb
		Services\Ordering\Ordering.Application\Data\IApplicationDbContext.cs = Services\Ordering\Ordering.Application\Data\IApplicationDbContext.cs
		Services\Ordering\Ordering.Application\DependencyInjection.cs = Services\Ordering\Ordering.Application\DependencyInjection.cs
		Services\Ordering\Ordering.Application\Dtos\AddressDto.cs = Services\Ordering\Ordering.Application\Dtos\AddressDto.cs
		Services\Ordering\Ordering.Application\Dtos\OrderDto.cs = Services\Ordering\Ordering.Application\Dtos\OrderDto.cs
		Services\Ordering\Ordering.Application\Dtos\OrderItemDto.cs = Services\Ordering\Ordering.Application\Dtos\OrderItemDto.cs
		Services\Ordering\Ordering.Application\Dtos\PaymentDto.cs = Services\Ordering\Ordering.Application\Dtos\PaymentDto.cs
		Services\Ordering\Ordering.Application\Exceptions\OrderNotFoundException.cs = Services\Ordering\Ordering.Application\Exceptions\OrderNotFoundException.cs
		Services\Ordering\Ordering.Application\Extensions\OrderExtensions.cs = Services\Ordering\Ordering.Application\Extensions\OrderExtensions.cs
		Services\Ordering\Ordering.Application\GlobalUsing.cs = Services\Ordering\Ordering.Application\GlobalUsing.cs
		Services\Ordering\Ordering.Application\obj\Debug\net8.0\.NETCoreApp,Version=v8.0.AssemblyAttributes.cs = Services\Ordering\Ordering.Application\obj\Debug\net8.0\.NETCoreApp,Version=v8.0.AssemblyAttributes.cs
		Services\Ordering\Ordering.Application\obj\Debug\net8.0\Ordering.Application.AssemblyInfo.cs = Services\Ordering\Ordering.Application\obj\Debug\net8.0\Ordering.Application.AssemblyInfo.cs
		Services\Ordering\Ordering.Application\obj\Debug\net8.0\Ordering.Application.AssemblyInfoInputs.cache = Services\Ordering\Ordering.Application\obj\Debug\net8.0\Ordering.Application.AssemblyInfoInputs.cache
		Services\Ordering\Ordering.Application\obj\Debug\net8.0\Ordering.Application.assets.cache = Services\Ordering\Ordering.Application\obj\Debug\net8.0\Ordering.Application.assets.cache
		Services\Ordering\Ordering.Application\obj\Debug\net8.0\Ordering.Application.csproj.AssemblyReference.cache = Services\Ordering\Ordering.Application\obj\Debug\net8.0\Ordering.Application.csproj.AssemblyReference.cache
		Services\Ordering\Ordering.Application\obj\Debug\net8.0\Ordering.Application.csproj.CopyComplete = Services\Ordering\Ordering.Application\obj\Debug\net8.0\Ordering.Application.csproj.CopyComplete
		Services\Ordering\Ordering.Application\obj\Debug\net8.0\Ordering.Application.csproj.CoreCompileInputs.cache = Services\Ordering\Ordering.Application\obj\Debug\net8.0\Ordering.Application.csproj.CoreCompileInputs.cache
		Services\Ordering\Ordering.Application\obj\Debug\net8.0\Ordering.Application.csproj.FileListAbsolute.txt = Services\Ordering\Ordering.Application\obj\Debug\net8.0\Ordering.Application.csproj.FileListAbsolute.txt
		Services\Ordering\Ordering.Application\obj\Debug\net8.0\Ordering.Application.dll = Services\Ordering\Ordering.Application\obj\Debug\net8.0\Ordering.Application.dll
		Services\Ordering\Ordering.Application\obj\Debug\net8.0\Ordering.Application.GeneratedMSBuildEditorConfig.editorconfig = Services\Ordering\Ordering.Application\obj\Debug\net8.0\Ordering.Application.GeneratedMSBuildEditorConfig.editorconfig
		Services\Ordering\Ordering.Application\obj\Debug\net8.0\Ordering.Application.GlobalUsings.g.cs = Services\Ordering\Ordering.Application\obj\Debug\net8.0\Ordering.Application.GlobalUsings.g.cs
		Services\Ordering\Ordering.Application\obj\Debug\net8.0\Ordering.Application.pdb = Services\Ordering\Ordering.Application\obj\Debug\net8.0\Ordering.Application.pdb
		Services\Ordering\Ordering.Application\obj\Debug\net8.0\ref\Ordering.Application.dll = Services\Ordering\Ordering.Application\obj\Debug\net8.0\ref\Ordering.Application.dll
		Services\Ordering\Ordering.Application\obj\Debug\net8.0\refint\Ordering.Application.dll = Services\Ordering\Ordering.Application\obj\Debug\net8.0\refint\Ordering.Application.dll
		Services\Ordering\Ordering.Application\obj\Ordering.Application.csproj.nuget.dgspec.json = Services\Ordering\Ordering.Application\obj\Ordering.Application.csproj.nuget.dgspec.json
		Services\Ordering\Ordering.Application\obj\Ordering.Application.csproj.nuget.g.props = Services\Ordering\Ordering.Application\obj\Ordering.Application.csproj.nuget.g.props
		Services\Ordering\Ordering.Application\obj\Ordering.Application.csproj.nuget.g.targets = Services\Ordering\Ordering.Application\obj\Ordering.Application.csproj.nuget.g.targets
		Services\Ordering\Ordering.Application\obj\project.assets.json = Services\Ordering\Ordering.Application\obj\project.assets.json
		Services\Ordering\Ordering.Application\obj\project.nuget.cache = Services\Ordering\Ordering.Application\obj\project.nuget.cache
		Services\Ordering\Ordering.Application\obj\project.packagespec.json = Services\Ordering\Ordering.Application\obj\project.packagespec.json
		Services\Ordering\Ordering.Application\obj\rider.project.model.nuget.info = Services\Ordering\Ordering.Application\obj\rider.project.model.nuget.info
		Services\Ordering\Ordering.Application\obj\rider.project.restore.info = Services\Ordering\Ordering.Application\obj\rider.project.restore.info
		Services\Ordering\Ordering.Application\Ordering.Application.csproj = Services\Ordering\Ordering.Application\Ordering.Application.csproj
		Services\Ordering\Ordering.Application\Orders\Commands\CreateOrder\CreateOrderCommand.cs = Services\Ordering\Ordering.Application\Orders\Commands\CreateOrder\CreateOrderCommand.cs
		Services\Ordering\Ordering.Application\Orders\Commands\CreateOrder\CreateOrderHandler.cs = Services\Ordering\Ordering.Application\Orders\Commands\CreateOrder\CreateOrderHandler.cs
		Services\Ordering\Ordering.Application\Orders\Commands\DeleteOrder\DeleteOrderCommand.cs = Services\Ordering\Ordering.Application\Orders\Commands\DeleteOrder\DeleteOrderCommand.cs
		Services\Ordering\Ordering.Application\Orders\Commands\DeleteOrder\DeleteOrderHandler.cs = Services\Ordering\Ordering.Application\Orders\Commands\DeleteOrder\DeleteOrderHandler.cs
		Services\Ordering\Ordering.Application\Orders\Commands\UpdateOrder\UpdateOrderCommand.cs = Services\Ordering\Ordering.Application\Orders\Commands\UpdateOrder\UpdateOrderCommand.cs
		Services\Ordering\Ordering.Application\Orders\Commands\UpdateOrder\UpdateOrderHandler.cs = Services\Ordering\Ordering.Application\Orders\Commands\UpdateOrder\UpdateOrderHandler.cs
		Services\Ordering\Ordering.Application\Orders\EventHandlers\Domain\OrderCreatedEventHandler.cs = Services\Ordering\Ordering.Application\Orders\EventHandlers\Domain\OrderCreatedEventHandler.cs
		Services\Ordering\Ordering.Application\Orders\EventHandlers\Domain\OrderUpdatedEventHandler.cs = Services\Ordering\Ordering.Application\Orders\EventHandlers\Domain\OrderUpdatedEventHandler.cs
		Services\Ordering\Ordering.Application\Orders\EventHandlers\Integration\BasketCheckoutEventHandler.cs = Services\Ordering\Ordering.Application\Orders\EventHandlers\Integration\BasketCheckoutEventHandler.cs
		Services\Ordering\Ordering.Application\Orders\Queries\GetOrders\GetOrdersHandler.cs = Services\Ordering\Ordering.Application\Orders\Queries\GetOrders\GetOrdersHandler.cs
		Services\Ordering\Ordering.Application\Orders\Queries\GetOrders\GetOrdersQuery.cs = Services\Ordering\Ordering.Application\Orders\Queries\GetOrders\GetOrdersQuery.cs
		Services\Ordering\Ordering.Application\Orders\Queries\GetOrdersByCustomer\GetOrdersByCustomerHandler.cs = Services\Ordering\Ordering.Application\Orders\Queries\GetOrdersByCustomer\GetOrdersByCustomerHandler.cs
		Services\Ordering\Ordering.Application\Orders\Queries\GetOrdersByCustomer\GetOrdersByCustomerQuery.cs = Services\Ordering\Ordering.Application\Orders\Queries\GetOrdersByCustomer\GetOrdersByCustomerQuery.cs
		Services\Ordering\Ordering.Application\Orders\Queries\GetOrdersByName\GetOrdersByNameHandler.cs = Services\Ordering\Ordering.Application\Orders\Queries\GetOrdersByName\GetOrdersByNameHandler.cs
		Services\Ordering\Ordering.Application\Orders\Queries\GetOrdersByName\GetOrdersByNameQuery.cs = Services\Ordering\Ordering.Application\Orders\Queries\GetOrdersByName\GetOrdersByNameQuery.cs
		Services\Ordering\Ordering.Domain\Abstractions\Aggregate.cs = Services\Ordering\Ordering.Domain\Abstractions\Aggregate.cs
		Services\Ordering\Ordering.Domain\Abstractions\Entity.cs = Services\Ordering\Ordering.Domain\Abstractions\Entity.cs
		Services\Ordering\Ordering.Domain\Abstractions\IAggregate.cs = Services\Ordering\Ordering.Domain\Abstractions\IAggregate.cs
		Services\Ordering\Ordering.Domain\Abstractions\IDomainEvent.cs = Services\Ordering\Ordering.Domain\Abstractions\IDomainEvent.cs
		Services\Ordering\Ordering.Domain\Abstractions\IEntity.cs = Services\Ordering\Ordering.Domain\Abstractions\IEntity.cs
		Services\Ordering\Ordering.Domain\bin\Debug\net8.0\Ordering.Domain.deps.json = Services\Ordering\Ordering.Domain\bin\Debug\net8.0\Ordering.Domain.deps.json
		Services\Ordering\Ordering.Domain\bin\Debug\net8.0\Ordering.Domain.dll = Services\Ordering\Ordering.Domain\bin\Debug\net8.0\Ordering.Domain.dll
		Services\Ordering\Ordering.Domain\bin\Debug\net8.0\Ordering.Domain.pdb = Services\Ordering\Ordering.Domain\bin\Debug\net8.0\Ordering.Domain.pdb
		Services\Ordering\Ordering.Domain\Enums\OrderStatus.cs = Services\Ordering\Ordering.Domain\Enums\OrderStatus.cs
		Services\Ordering\Ordering.Domain\Events\OrderCreatedEvent.cs = Services\Ordering\Ordering.Domain\Events\OrderCreatedEvent.cs
		Services\Ordering\Ordering.Domain\Events\OrderUpdatedEvent.cs = Services\Ordering\Ordering.Domain\Events\OrderUpdatedEvent.cs
		Services\Ordering\Ordering.Domain\Exceptions\DomainException.cs = Services\Ordering\Ordering.Domain\Exceptions\DomainException.cs
		Services\Ordering\Ordering.Domain\GlobalUsing.cs = Services\Ordering\Ordering.Domain\GlobalUsing.cs
		Services\Ordering\Ordering.Domain\Models\Customer.cs = Services\Ordering\Ordering.Domain\Models\Customer.cs
		Services\Ordering\Ordering.Domain\Models\Order.cs = Services\Ordering\Ordering.Domain\Models\Order.cs
		Services\Ordering\Ordering.Domain\Models\OrderItem.cs = Services\Ordering\Ordering.Domain\Models\OrderItem.cs
		Services\Ordering\Ordering.Domain\Models\Product.cs = Services\Ordering\Ordering.Domain\Models\Product.cs
		Services\Ordering\Ordering.Domain\obj\Debug\net8.0\.NETCoreApp,Version=v8.0.AssemblyAttributes.cs = Services\Ordering\Ordering.Domain\obj\Debug\net8.0\.NETCoreApp,Version=v8.0.AssemblyAttributes.cs
		Services\Ordering\Ordering.Domain\obj\Debug\net8.0\Ordering.Domain.AssemblyInfo.cs = Services\Ordering\Ordering.Domain\obj\Debug\net8.0\Ordering.Domain.AssemblyInfo.cs
		Services\Ordering\Ordering.Domain\obj\Debug\net8.0\Ordering.Domain.AssemblyInfoInputs.cache = Services\Ordering\Ordering.Domain\obj\Debug\net8.0\Ordering.Domain.AssemblyInfoInputs.cache
		Services\Ordering\Ordering.Domain\obj\Debug\net8.0\Ordering.Domain.assets.cache = Services\Ordering\Ordering.Domain\obj\Debug\net8.0\Ordering.Domain.assets.cache
		Services\Ordering\Ordering.Domain\obj\Debug\net8.0\Ordering.Domain.csproj.AssemblyReference.cache = Services\Ordering\Ordering.Domain\obj\Debug\net8.0\Ordering.Domain.csproj.AssemblyReference.cache
		Services\Ordering\Ordering.Domain\obj\Debug\net8.0\Ordering.Domain.csproj.CoreCompileInputs.cache = Services\Ordering\Ordering.Domain\obj\Debug\net8.0\Ordering.Domain.csproj.CoreCompileInputs.cache
		Services\Ordering\Ordering.Domain\obj\Debug\net8.0\Ordering.Domain.csproj.FileListAbsolute.txt = Services\Ordering\Ordering.Domain\obj\Debug\net8.0\Ordering.Domain.csproj.FileListAbsolute.txt
		Services\Ordering\Ordering.Domain\obj\Debug\net8.0\Ordering.Domain.dll = Services\Ordering\Ordering.Domain\obj\Debug\net8.0\Ordering.Domain.dll
		Services\Ordering\Ordering.Domain\obj\Debug\net8.0\Ordering.Domain.GeneratedMSBuildEditorConfig.editorconfig = Services\Ordering\Ordering.Domain\obj\Debug\net8.0\Ordering.Domain.GeneratedMSBuildEditorConfig.editorconfig
		Services\Ordering\Ordering.Domain\obj\Debug\net8.0\Ordering.Domain.GlobalUsings.g.cs = Services\Ordering\Ordering.Domain\obj\Debug\net8.0\Ordering.Domain.GlobalUsings.g.cs
		Services\Ordering\Ordering.Domain\obj\Debug\net8.0\Ordering.Domain.pdb = Services\Ordering\Ordering.Domain\obj\Debug\net8.0\Ordering.Domain.pdb
		Services\Ordering\Ordering.Domain\obj\Debug\net8.0\ref\Ordering.Domain.dll = Services\Ordering\Ordering.Domain\obj\Debug\net8.0\ref\Ordering.Domain.dll
		Services\Ordering\Ordering.Domain\obj\Debug\net8.0\refint\Ordering.Domain.dll = Services\Ordering\Ordering.Domain\obj\Debug\net8.0\refint\Ordering.Domain.dll
		Services\Ordering\Ordering.Domain\obj\Ordering.Domain.csproj.nuget.dgspec.json = Services\Ordering\Ordering.Domain\obj\Ordering.Domain.csproj.nuget.dgspec.json
		Services\Ordering\Ordering.Domain\obj\Ordering.Domain.csproj.nuget.g.props = Services\Ordering\Ordering.Domain\obj\Ordering.Domain.csproj.nuget.g.props
		Services\Ordering\Ordering.Domain\obj\Ordering.Domain.csproj.nuget.g.targets = Services\Ordering\Ordering.Domain\obj\Ordering.Domain.csproj.nuget.g.targets
		Services\Ordering\Ordering.Domain\obj\project.assets.json = Services\Ordering\Ordering.Domain\obj\project.assets.json
		Services\Ordering\Ordering.Domain\obj\project.nuget.cache = Services\Ordering\Ordering.Domain\obj\project.nuget.cache
		Services\Ordering\Ordering.Domain\obj\project.packagespec.json = Services\Ordering\Ordering.Domain\obj\project.packagespec.json
		Services\Ordering\Ordering.Domain\obj\rider.project.model.nuget.info = Services\Ordering\Ordering.Domain\obj\rider.project.model.nuget.info
		Services\Ordering\Ordering.Domain\obj\rider.project.restore.info = Services\Ordering\Ordering.Domain\obj\rider.project.restore.info
		Services\Ordering\Ordering.Domain\Ordering.Domain.csproj = Services\Ordering\Ordering.Domain\Ordering.Domain.csproj
		Services\Ordering\Ordering.Domain\ValueObjects\Address.cs = Services\Ordering\Ordering.Domain\ValueObjects\Address.cs
		Services\Ordering\Ordering.Domain\ValueObjects\CustomerId.cs = Services\Ordering\Ordering.Domain\ValueObjects\CustomerId.cs
		Services\Ordering\Ordering.Domain\ValueObjects\OrderId.cs = Services\Ordering\Ordering.Domain\ValueObjects\OrderId.cs
		Services\Ordering\Ordering.Domain\ValueObjects\OrderItemId.cs = Services\Ordering\Ordering.Domain\ValueObjects\OrderItemId.cs
		Services\Ordering\Ordering.Domain\ValueObjects\OrderName.cs = Services\Ordering\Ordering.Domain\ValueObjects\OrderName.cs
		Services\Ordering\Ordering.Domain\ValueObjects\Payment.cs = Services\Ordering\Ordering.Domain\ValueObjects\Payment.cs
		Services\Ordering\Ordering.Domain\ValueObjects\ProductId.cs = Services\Ordering\Ordering.Domain\ValueObjects\ProductId.cs
		Services\Ordering\Ordering.Infrastructure\bin\Debug\net8.0\BuildingBlocks.dll = Services\Ordering\Ordering.Infrastructure\bin\Debug\net8.0\BuildingBlocks.dll
		Services\Ordering\Ordering.Infrastructure\bin\Debug\net8.0\BuildingBlocks.Messaging.dll = Services\Ordering\Ordering.Infrastructure\bin\Debug\net8.0\BuildingBlocks.Messaging.dll
		Services\Ordering\Ordering.Infrastructure\bin\Debug\net8.0\BuildingBlocks.Messaging.pdb = Services\Ordering\Ordering.Infrastructure\bin\Debug\net8.0\BuildingBlocks.Messaging.pdb
		Services\Ordering\Ordering.Infrastructure\bin\Debug\net8.0\BuildingBlocks.pdb = Services\Ordering\Ordering.Infrastructure\bin\Debug\net8.0\BuildingBlocks.pdb
		Services\Ordering\Ordering.Infrastructure\bin\Debug\net8.0\Ordering.Application.dll = Services\Ordering\Ordering.Infrastructure\bin\Debug\net8.0\Ordering.Application.dll
		Services\Ordering\Ordering.Infrastructure\bin\Debug\net8.0\Ordering.Application.pdb = Services\Ordering\Ordering.Infrastructure\bin\Debug\net8.0\Ordering.Application.pdb
		Services\Ordering\Ordering.Infrastructure\bin\Debug\net8.0\Ordering.Domain.dll = Services\Ordering\Ordering.Infrastructure\bin\Debug\net8.0\Ordering.Domain.dll
		Services\Ordering\Ordering.Infrastructure\bin\Debug\net8.0\Ordering.Domain.pdb = Services\Ordering\Ordering.Infrastructure\bin\Debug\net8.0\Ordering.Domain.pdb
		Services\Ordering\Ordering.Infrastructure\bin\Debug\net8.0\Ordering.Infrastructure.deps.json = Services\Ordering\Ordering.Infrastructure\bin\Debug\net8.0\Ordering.Infrastructure.deps.json
		Services\Ordering\Ordering.Infrastructure\bin\Debug\net8.0\Ordering.Infrastructure.dll = Services\Ordering\Ordering.Infrastructure\bin\Debug\net8.0\Ordering.Infrastructure.dll
		Services\Ordering\Ordering.Infrastructure\bin\Debug\net8.0\Ordering.Infrastructure.pdb = Services\Ordering\Ordering.Infrastructure\bin\Debug\net8.0\Ordering.Infrastructure.pdb
		Services\Ordering\Ordering.Infrastructure\bin\Debug\net8.0\Ordering.Infrastructure.runtimeconfig.json = Services\Ordering\Ordering.Infrastructure\bin\Debug\net8.0\Ordering.Infrastructure.runtimeconfig.json
		Services\Ordering\Ordering.Infrastructure\Data\ApplicationDbContext.cs = Services\Ordering\Ordering.Infrastructure\Data\ApplicationDbContext.cs
		Services\Ordering\Ordering.Infrastructure\Data\Configurations\CustomerConfiguration.cs = Services\Ordering\Ordering.Infrastructure\Data\Configurations\CustomerConfiguration.cs
		Services\Ordering\Ordering.Infrastructure\Data\Configurations\OrderConfiguration.cs = Services\Ordering\Ordering.Infrastructure\Data\Configurations\OrderConfiguration.cs
		Services\Ordering\Ordering.Infrastructure\Data\Configurations\OrderItemConfiguration.cs = Services\Ordering\Ordering.Infrastructure\Data\Configurations\OrderItemConfiguration.cs
		Services\Ordering\Ordering.Infrastructure\Data\Configurations\ProductConfiguration.cs = Services\Ordering\Ordering.Infrastructure\Data\Configurations\ProductConfiguration.cs
		Services\Ordering\Ordering.Infrastructure\Data\Extensions\DatabaseExtentions.cs = Services\Ordering\Ordering.Infrastructure\Data\Extensions\DatabaseExtentions.cs
		Services\Ordering\Ordering.Infrastructure\Data\Extensions\InitialData.cs = Services\Ordering\Ordering.Infrastructure\Data\Extensions\InitialData.cs
		Services\Ordering\Ordering.Infrastructure\Data\Interceptors\AuditableEntityInterceptor.cs = Services\Ordering\Ordering.Infrastructure\Data\Interceptors\AuditableEntityInterceptor.cs
		Services\Ordering\Ordering.Infrastructure\Data\Interceptors\DispatchDomainEventsInterceptor.cs = Services\Ordering\Ordering.Infrastructure\Data\Interceptors\DispatchDomainEventsInterceptor.cs
		Services\Ordering\Ordering.Infrastructure\Data\Migrations\20240216090112_InitialCreate.cs = Services\Ordering\Ordering.Infrastructure\Data\Migrations\20240216090112_InitialCreate.cs
		Services\Ordering\Ordering.Infrastructure\Data\Migrations\20240216090112_InitialCreate.Designer.cs = Services\Ordering\Ordering.Infrastructure\Data\Migrations\20240216090112_InitialCreate.Designer.cs
		Services\Ordering\Ordering.Infrastructure\Data\Migrations\ApplicationDbContextModelSnapshot.cs = Services\Ordering\Ordering.Infrastructure\Data\Migrations\ApplicationDbContextModelSnapshot.cs
		Services\Ordering\Ordering.Infrastructure\DependencyInjection.cs = Services\Ordering\Ordering.Infrastructure\DependencyInjection.cs
		Services\Ordering\Ordering.Infrastructure\GlobalUsing.cs = Services\Ordering\Ordering.Infrastructure\GlobalUsing.cs
		Services\Ordering\Ordering.Infrastructure\obj\Debug\net8.0\.NETCoreApp,Version=v8.0.AssemblyAttributes.cs = Services\Ordering\Ordering.Infrastructure\obj\Debug\net8.0\.NETCoreApp,Version=v8.0.AssemblyAttributes.cs
		Services\Ordering\Ordering.Infrastructure\obj\Debug\net8.0\Ordering.Infrastructure.AssemblyInfo.cs = Services\Ordering\Ordering.Infrastructure\obj\Debug\net8.0\Ordering.Infrastructure.AssemblyInfo.cs
		Services\Ordering\Ordering.Infrastructure\obj\Debug\net8.0\Ordering.Infrastructure.AssemblyInfoInputs.cache = Services\Ordering\Ordering.Infrastructure\obj\Debug\net8.0\Ordering.Infrastructure.AssemblyInfoInputs.cache
		Services\Ordering\Ordering.Infrastructure\obj\Debug\net8.0\Ordering.Infrastructure.assets.cache = Services\Ordering\Ordering.Infrastructure\obj\Debug\net8.0\Ordering.Infrastructure.assets.cache
		Services\Ordering\Ordering.Infrastructure\obj\Debug\net8.0\Ordering.Infrastructure.csproj.AssemblyReference.cache = Services\Ordering\Ordering.Infrastructure\obj\Debug\net8.0\Ordering.Infrastructure.csproj.AssemblyReference.cache
		Services\Ordering\Ordering.Infrastructure\obj\Debug\net8.0\Ordering.Infrastructure.csproj.CopyComplete = Services\Ordering\Ordering.Infrastructure\obj\Debug\net8.0\Ordering.Infrastructure.csproj.CopyComplete
		Services\Ordering\Ordering.Infrastructure\obj\Debug\net8.0\Ordering.Infrastructure.csproj.CoreCompileInputs.cache = Services\Ordering\Ordering.Infrastructure\obj\Debug\net8.0\Ordering.Infrastructure.csproj.CoreCompileInputs.cache
		Services\Ordering\Ordering.Infrastructure\obj\Debug\net8.0\Ordering.Infrastructure.csproj.FileListAbsolute.txt = Services\Ordering\Ordering.Infrastructure\obj\Debug\net8.0\Ordering.Infrastructure.csproj.FileListAbsolute.txt
		Services\Ordering\Ordering.Infrastructure\obj\Debug\net8.0\Ordering.Infrastructure.dll = Services\Ordering\Ordering.Infrastructure\obj\Debug\net8.0\Ordering.Infrastructure.dll
		Services\Ordering\Ordering.Infrastructure\obj\Debug\net8.0\Ordering.Infrastructure.GeneratedMSBuildEditorConfig.editorconfig = Services\Ordering\Ordering.Infrastructure\obj\Debug\net8.0\Ordering.Infrastructure.GeneratedMSBuildEditorConfig.editorconfig
		Services\Ordering\Ordering.Infrastructure\obj\Debug\net8.0\Ordering.Infrastructure.genruntimeconfig.cache = Services\Ordering\Ordering.Infrastructure\obj\Debug\net8.0\Ordering.Infrastructure.genruntimeconfig.cache
		Services\Ordering\Ordering.Infrastructure\obj\Debug\net8.0\Ordering.Infrastructure.GlobalUsings.g.cs = Services\Ordering\Ordering.Infrastructure\obj\Debug\net8.0\Ordering.Infrastructure.GlobalUsings.g.cs
		Services\Ordering\Ordering.Infrastructure\obj\Debug\net8.0\Ordering.Infrastructure.pdb = Services\Ordering\Ordering.Infrastructure\obj\Debug\net8.0\Ordering.Infrastructure.pdb
		Services\Ordering\Ordering.Infrastructure\obj\Debug\net8.0\ref\Ordering.Infrastructure.dll = Services\Ordering\Ordering.Infrastructure\obj\Debug\net8.0\ref\Ordering.Infrastructure.dll
		Services\Ordering\Ordering.Infrastructure\obj\Debug\net8.0\refint\Ordering.Infrastructure.dll = Services\Ordering\Ordering.Infrastructure\obj\Debug\net8.0\refint\Ordering.Infrastructure.dll
		Services\Ordering\Ordering.Infrastructure\obj\Ordering.Infrastructure.csproj.nuget.dgspec.json = Services\Ordering\Ordering.Infrastructure\obj\Ordering.Infrastructure.csproj.nuget.dgspec.json
		Services\Ordering\Ordering.Infrastructure\obj\Ordering.Infrastructure.csproj.nuget.g.props = Services\Ordering\Ordering.Infrastructure\obj\Ordering.Infrastructure.csproj.nuget.g.props
		Services\Ordering\Ordering.Infrastructure\obj\Ordering.Infrastructure.csproj.nuget.g.targets = Services\Ordering\Ordering.Infrastructure\obj\Ordering.Infrastructure.csproj.nuget.g.targets
		Services\Ordering\Ordering.Infrastructure\obj\project.assets.json = Services\Ordering\Ordering.Infrastructure\obj\project.assets.json
		Services\Ordering\Ordering.Infrastructure\obj\project.nuget.cache = Services\Ordering\Ordering.Infrastructure\obj\project.nuget.cache
		Services\Ordering\Ordering.Infrastructure\obj\project.packagespec.json = Services\Ordering\Ordering.Infrastructure\obj\project.packagespec.json
		Services\Ordering\Ordering.Infrastructure\obj\rider.project.model.nuget.info = Services\Ordering\Ordering.Infrastructure\obj\rider.project.model.nuget.info
		Services\Ordering\Ordering.Infrastructure\obj\rider.project.restore.info = Services\Ordering\Ordering.Infrastructure\obj\rider.project.restore.info
		Services\Ordering\Ordering.Infrastructure\Ordering.Infrastructure.csproj = Services\Ordering\Ordering.Infrastructure\Ordering.Infrastructure.csproj
	EndProjectSection
EndProject
Project("{2150E333-8FDC-42A3-9474-1A3956D46DE8}") = "BuildingBlocks", "BuildingBlocks", "{99F6AD53-1AD2-415C-B021-53DEB34D1865}"
EndProject
Project("{9A19103F-16F7-4668-BE54-9A1E7A4F7556}") = "BuildingBlocks", "BuildingBlocks\BuildingBlocks\BuildingBlocks.csproj", "{8F2630EC-5DF9-4AC4-ABB2-F0F9C79543A7}"
EndProject
Project("{E53339B2-1760-4266-BCC7-CA923CBCF16C}") = "docker-compose", "docker-compose.dcproj", "{4C0D210D-67DE-4839-88A8-0E3AD57B3430}"
EndProject
Project("{2150E333-8FDC-42A3-9474-1A3956D46DE8}") = "Basket", "Basket", "{9CCE9CF0-1036-4843-AD25-F3FBF40D0594}"
EndProject
Project("{9A19103F-16F7-4668-BE54-9A1E7A4F7556}") = "Basket.API", "Services\Basket\Basket.API\Basket.API.csproj", "{11E8BA8A-0FF0-4109-8160-27C62A3495D4}"
EndProject
Project("{2150E333-8FDC-42A3-9474-1A3956D46DE8}") = "Catalog", "Catalog", "{3AA53E14-2F20-477D-8D88-6FE459BAC18B}"
EndProject
Project("{FAE04EC0-301F-11D3-BF4B-00C04F79EFBC}") = "Catalog.API", "Services\Catalog\Catalog.API\Catalog.API.csproj", "{FBEFACE2-8312-44FC-AB39-CC4D8EBA59BA}"
EndProject
Project("{2150E333-8FDC-42A3-9474-1A3956D46DE8}") = "Discount", "Discount", "{7DDAAAC2-065D-4DE4-8119-677A6AAE6D66}"
EndProject
Project("{FAE04EC0-301F-11D3-BF4B-00C04F79EFBC}") = "Discount.Grpc", "Services\Discount\Discount.Grpc\Discount.Grpc.csproj", "{E53C136C-21B6-4F18-BD47-9D86CB467DB5}"
EndProject
Global
	GlobalSection(SolutionConfigurationPlatforms) = preSolution
		Debug|Any CPU = Debug|Any CPU
		Release|Any CPU = Release|Any CPU
	EndGlobalSection
	GlobalSection(ProjectConfigurationPlatforms) = postSolution
		{8F2630EC-5DF9-4AC4-ABB2-F0F9C79543A7}.Debug|Any CPU.ActiveCfg = Debug|Any CPU
		{8F2630EC-5DF9-4AC4-ABB2-F0F9C79543A7}.Debug|Any CPU.Build.0 = Debug|Any CPU
		{8F2630EC-5DF9-4AC4-ABB2-F0F9C79543A7}.Release|Any CPU.ActiveCfg = Release|Any CPU
		{8F2630EC-5DF9-4AC4-ABB2-F0F9C79543A7}.Release|Any CPU.Build.0 = Release|Any CPU
		{4C0D210D-67DE-4839-88A8-0E3AD57B3430}.Debug|Any CPU.ActiveCfg = Debug|Any CPU
		{4C0D210D-67DE-4839-88A8-0E3AD57B3430}.Debug|Any CPU.Build.0 = Debug|Any CPU
		{4C0D210D-67DE-4839-88A8-0E3AD57B3430}.Release|Any CPU.ActiveCfg = Release|Any CPU
		{4C0D210D-67DE-4839-88A8-0E3AD57B3430}.Release|Any CPU.Build.0 = Release|Any CPU
		{11E8BA8A-0FF0-4109-8160-27C62A3495D4}.Debug|Any CPU.ActiveCfg = Debug|Any CPU
		{11E8BA8A-0FF0-4109-8160-27C62A3495D4}.Debug|Any CPU.Build.0 = Debug|Any CPU
		{11E8BA8A-0FF0-4109-8160-27C62A3495D4}.Release|Any CPU.ActiveCfg = Release|Any CPU
		{11E8BA8A-0FF0-4109-8160-27C62A3495D4}.Release|Any CPU.Build.0 = Release|Any CPU
		{FBEFACE2-8312-44FC-AB39-CC4D8EBA59BA}.Debug|Any CPU.ActiveCfg = Debug|Any CPU
		{FBEFACE2-8312-44FC-AB39-CC4D8EBA59BA}.Debug|Any CPU.Build.0 = Debug|Any CPU
		{FBEFACE2-8312-44FC-AB39-CC4D8EBA59BA}.Release|Any CPU.ActiveCfg = Release|Any CPU
		{FBEFACE2-8312-44FC-AB39-CC4D8EBA59BA}.Release|Any CPU.Build.0 = Release|Any CPU
		{E53C136C-21B6-4F18-BD47-9D86CB467DB5}.Debug|Any CPU.ActiveCfg = Debug|Any CPU
		{E53C136C-21B6-4F18-BD47-9D86CB467DB5}.Debug|Any CPU.Build.0 = Debug|Any CPU
		{E53C136C-21B6-4F18-BD47-9D86CB467DB5}.Release|Any CPU.ActiveCfg = Release|Any CPU
		{E53C136C-21B6-4F18-BD47-9D86CB467DB5}.Release|Any CPU.Build.0 = Release|Any CPU
	EndGlobalSection
	GlobalSection(SolutionProperties) = preSolution
		HideSolutionNode = FALSE
	EndGlobalSection
	GlobalSection(NestedProjects) = preSolution
		{8F2630EC-5DF9-4AC4-ABB2-F0F9C79543A7} = {99F6AD53-1AD2-415C-B021-53DEB34D1865}
		{9CCE9CF0-1036-4843-AD25-F3FBF40D0594} = {1B92062B-D47E-4DD4-8AFE-E504B793E36B}
		{11E8BA8A-0FF0-4109-8160-27C62A3495D4} = {9CCE9CF0-1036-4843-AD25-F3FBF40D0594}
		{3AA53E14-2F20-477D-8D88-6FE459BAC18B} = {1B92062B-D47E-4DD4-8AFE-E504B793E36B}
		{FBEFACE2-8312-44FC-AB39-CC4D8EBA59BA} = {3AA53E14-2F20-477D-8D88-6FE459BAC18B}
		{7DDAAAC2-065D-4DE4-8119-677A6AAE6D66} = {1B92062B-D47E-4DD4-8AFE-E504B793E36B}
		{E53C136C-21B6-4F18-BD47-9D86CB467DB5} = {7DDAAAC2-065D-4DE4-8119-677A6AAE6D66}
	EndGlobalSection
	GlobalSection(ExtensibilityGlobals) = postSolution
		SolutionGuid = {7DB442DD-B14E-45E3-9343-8252AB732C50}
	EndGlobalSection
EndGlobal
